// !$*UTF8*$!
{
	archiveVersion = 1;
	classes = {
	};
	objectVersion = 46;
	objects = {

/* Begin PBXBuildFile section */
		2970C0011E83744800C30C62 /* NSArray+BH.m in Sources */ = {isa = PBXBuildFile; fileRef = 2970BFE91E83744800C30C62 /* NSArray+BH.m */; };
		2970C0021E83744800C30C62 /* NSDate+BH.m in Sources */ = {isa = PBXBuildFile; fileRef = 2970BFEB1E83744800C30C62 /* NSDate+BH.m */; };
		2970C0031E83744800C30C62 /* NSFileManager+BH.m in Sources */ = {isa = PBXBuildFile; fileRef = 2970BFED1E83744800C30C62 /* NSFileManager+BH.m */; };
		2970C0041E83744800C30C62 /* NSString+BH.m in Sources */ = {isa = PBXBuildFile; fileRef = 2970BFEF1E83744800C30C62 /* NSString+BH.m */; };
		2970C0051E83744800C30C62 /* MBProgressHUD+BH.m in Sources */ = {isa = PBXBuildFile; fileRef = 2970BFF21E83744800C30C62 /* MBProgressHUD+BH.m */; };
		2970C0061E83744800C30C62 /* UIApplication+BH.m in Sources */ = {isa = PBXBuildFile; fileRef = 2970BFF41E83744800C30C62 /* UIApplication+BH.m */; };
		2970C0071E83744800C30C62 /* UIButton+BH.m in Sources */ = {isa = PBXBuildFile; fileRef = 2970BFF61E83744800C30C62 /* UIButton+BH.m */; };
		2970C0081E83744800C30C62 /* UIColor+BH.m in Sources */ = {isa = PBXBuildFile; fileRef = 2970BFF81E83744800C30C62 /* UIColor+BH.m */; };
		2970C0091E83744800C30C62 /* UIImage+BHI.m in Sources */ = {isa = PBXBuildFile; fileRef = 2970BFFA1E83744800C30C62 /* UIImage+BHI.m */; };
		2970C00A1E83744800C30C62 /* UILabel+BH.m in Sources */ = {isa = PBXBuildFile; fileRef = 2970BFFC1E83744800C30C62 /* UILabel+BH.m */; };
		2970C00C1E83744800C30C62 /* UIViewController+BH.m in Sources */ = {isa = PBXBuildFile; fileRef = 2970C0001E83744800C30C62 /* UIViewController+BH.m */; };
		2970C0141E83748400C30C62 /* BHHookUtility.m in Sources */ = {isa = PBXBuildFile; fileRef = 2970C00F1E83748400C30C62 /* BHHookUtility.m */; };
		2970C0161E83748400C30C62 /* BHUtils.m in Sources */ = {isa = PBXBuildFile; fileRef = 2970C0131E83748400C30C62 /* BHUtils.m */; };
		2970C01E1E83751100C30C62 /* BHCustomURLCache.m in Sources */ = {isa = PBXBuildFile; fileRef = 2970C0191E83751100C30C62 /* BHCustomURLCache.m */; };
		2970C01F1E83751100C30C62 /* BHNetReqManager.m in Sources */ = {isa = PBXBuildFile; fileRef = 2970C01B1E83751100C30C62 /* BHNetReqManager.m */; };
		2970C0201E83751100C30C62 /* BHURLProtocol.m in Sources */ = {isa = PBXBuildFile; fileRef = 2970C01D1E83751100C30C62 /* BHURLProtocol.m */; };
		2970C0401E8375F000C30C62 /* BHMainViewController.m in Sources */ = {isa = PBXBuildFile; fileRef = 2970C0231E8375F000C30C62 /* BHMainViewController.m */; };
		2970C0411E8375F000C30C62 /* BHPlayer.bundle in Resources */ = {isa = PBXBuildFile; fileRef = 2970C0251E8375F000C30C62 /* BHPlayer.bundle */; };
		2970C0421E8375F000C30C62 /* BHPlayer.m in Sources */ = {isa = PBXBuildFile; fileRef = 2970C0271E8375F000C30C62 /* BHPlayer.m */; };
		2970C0431E8375F000C30C62 /* BHPlayerControlView.m in Sources */ = {isa = PBXBuildFile; fileRef = 2970C0291E8375F000C30C62 /* BHPlayerControlView.m */; };
		2970C0441E8375F000C30C62 /* BHViewController2.m in Sources */ = {isa = PBXBuildFile; fileRef = 2970C02B1E8375F000C30C62 /* BHViewController2.m */; };
		2970C0451E8375F000C30C62 /* snow.mp4 in Resources */ = {isa = PBXBuildFile; fileRef = 2970C02C1E8375F000C30C62 /* snow.mp4 */; };
		2970C0461E8375F000C30C62 /* BHViewController1.m in Sources */ = {isa = PBXBuildFile; fileRef = 2970C02F1E8375F000C30C62 /* BHViewController1.m */; };
		2970C0471E8375F000C30C62 /* BHAlbumCell.m in Sources */ = {isa = PBXBuildFile; fileRef = 2970C0321E8375F000C30C62 /* BHAlbumCell.m */; };
		2970C0481E8375F000C30C62 /* BHPhotosCell.m in Sources */ = {isa = PBXBuildFile; fileRef = 2970C0341E8375F000C30C62 /* BHPhotosCell.m */; };
		2970C0491E8375F000C30C62 /* BHPhotosVC.m in Sources */ = {isa = PBXBuildFile; fileRef = 2970C0361E8375F000C30C62 /* BHPhotosVC.m */; };
		2970C04A1E8375F000C30C62 /* BHViewController3.m in Sources */ = {isa = PBXBuildFile; fileRef = 2970C0381E8375F000C30C62 /* BHViewController3.m */; };
		2970C04B1E8375F000C30C62 /* BHViewController4.m in Sources */ = {isa = PBXBuildFile; fileRef = 2970C03B1E8375F000C30C62 /* BHViewController4.m */; };
		2970C04C1E8375F000C30C62 /* BHViewController4.xib in Resources */ = {isa = PBXBuildFile; fileRef = 2970C03C1E8375F000C30C62 /* BHViewController4.xib */; };
		2970C04D1E8375F000C30C62 /* BHViewController0.m in Sources */ = {isa = PBXBuildFile; fileRef = 2970C03F1E8375F000C30C62 /* BHViewController0.m */; };
		2970C0521E83760400C30C62 /* BHNavigationController.m in Sources */ = {isa = PBXBuildFile; fileRef = 2970C0511E83760400C30C62 /* BHNavigationController.m */; };
		34391C4E1CE4212100970573 /* main.m in Sources */ = {isa = PBXBuildFile; fileRef = 34391C4D1CE4212100970573 /* main.m */; };
		34391C511CE4212100970573 /* AppDelegate.m in Sources */ = {isa = PBXBuildFile; fileRef = 34391C501CE4212100970573 /* AppDelegate.m */; };
		34391C591CE4212100970573 /* Assets.xcassets in Resources */ = {isa = PBXBuildFile; fileRef = 34391C581CE4212100970573 /* Assets.xcassets */; };
		34391C5C1CE4212100970573 /* LaunchScreen.storyboard in Resources */ = {isa = PBXBuildFile; fileRef = 34391C5A1CE4212100970573 /* LaunchScreen.storyboard */; };
		FACD4868EBCE1E47EE1F70B8 /* Pods_BlogDemo.framework in Frameworks */ = {isa = PBXBuildFile; fileRef = AFC7DBD5722F93E50B146FF7 /* Pods_BlogDemo.framework */; };
/* End PBXBuildFile section */

/* Begin PBXFileReference section */
		28590A938192A3402018729B /* Pods-BlogDemo.release.xcconfig */ = {isa = PBXFileReference; includeInIndex = 1; lastKnownFileType = text.xcconfig; name = "Pods-BlogDemo.release.xcconfig"; path = "Pods/Target Support Files/Pods-BlogDemo/Pods-BlogDemo.release.xcconfig"; sourceTree = "<group>"; };
		2970BFE81E83744800C30C62 /* NSArray+BH.h */ = {isa = PBXFileReference; fileEncoding = 4; lastKnownFileType = sourcecode.c.h; path = "NSArray+BH.h"; sourceTree = "<group>"; };
		2970BFE91E83744800C30C62 /* NSArray+BH.m */ = {isa = PBXFileReference; fileEncoding = 4; lastKnownFileType = sourcecode.c.objc; path = "NSArray+BH.m"; sourceTree = "<group>"; };
		2970BFEA1E83744800C30C62 /* NSDate+BH.h */ = {isa = PBXFileReference; fileEncoding = 4; lastKnownFileType = sourcecode.c.h; path = "NSDate+BH.h"; sourceTree = "<group>"; };
		2970BFEB1E83744800C30C62 /* NSDate+BH.m */ = {isa = PBXFileReference; fileEncoding = 4; lastKnownFileType = sourcecode.c.objc; path = "NSDate+BH.m"; sourceTree = "<group>"; };
		2970BFEC1E83744800C30C62 /* NSFileManager+BH.h */ = {isa = PBXFileReference; fileEncoding = 4; lastKnownFileType = sourcecode.c.h; path = "NSFileManager+BH.h"; sourceTree = "<group>"; };
		2970BFED1E83744800C30C62 /* NSFileManager+BH.m */ = {isa = PBXFileReference; fileEncoding = 4; lastKnownFileType = sourcecode.c.objc; path = "NSFileManager+BH.m"; sourceTree = "<group>"; };
		2970BFEE1E83744800C30C62 /* NSString+BH.h */ = {isa = PBXFileReference; fileEncoding = 4; lastKnownFileType = sourcecode.c.h; path = "NSString+BH.h"; sourceTree = "<group>"; };
		2970BFEF1E83744800C30C62 /* NSString+BH.m */ = {isa = PBXFileReference; fileEncoding = 4; lastKnownFileType = sourcecode.c.objc; path = "NSString+BH.m"; sourceTree = "<group>"; };
		2970BFF11E83744800C30C62 /* MBProgressHUD+BH.h */ = {isa = PBXFileReference; fileEncoding = 4; lastKnownFileType = sourcecode.c.h; path = "MBProgressHUD+BH.h"; sourceTree = "<group>"; };
		2970BFF21E83744800C30C62 /* MBProgressHUD+BH.m */ = {isa = PBXFileReference; fileEncoding = 4; lastKnownFileType = sourcecode.c.objc; path = "MBProgressHUD+BH.m"; sourceTree = "<group>"; };
		2970BFF31E83744800C30C62 /* UIApplication+BH.h */ = {isa = PBXFileReference; fileEncoding = 4; lastKnownFileType = sourcecode.c.h; path = "UIApplication+BH.h"; sourceTree = "<group>"; };
		2970BFF41E83744800C30C62 /* UIApplication+BH.m */ = {isa = PBXFileReference; fileEncoding = 4; lastKnownFileType = sourcecode.c.objc; path = "UIApplication+BH.m"; sourceTree = "<group>"; };
		2970BFF51E83744800C30C62 /* UIButton+BH.h */ = {isa = PBXFileReference; fileEncoding = 4; lastKnownFileType = sourcecode.c.h; path = "UIButton+BH.h"; sourceTree = "<group>"; };
		2970BFF61E83744800C30C62 /* UIButton+BH.m */ = {isa = PBXFileReference; fileEncoding = 4; lastKnownFileType = sourcecode.c.objc; path = "UIButton+BH.m"; sourceTree = "<group>"; };
		2970BFF71E83744800C30C62 /* UIColor+BH.h */ = {isa = PBXFileReference; fileEncoding = 4; lastKnownFileType = sourcecode.c.h; path = "UIColor+BH.h"; sourceTree = "<group>"; };
		2970BFF81E83744800C30C62 /* UIColor+BH.m */ = {isa = PBXFileReference; fileEncoding = 4; lastKnownFileType = sourcecode.c.objc; path = "UIColor+BH.m"; sourceTree = "<group>"; };
		2970BFF91E83744800C30C62 /* UIImage+BH.h */ = {isa = PBXFileReference; fileEncoding = 4; lastKnownFileType = sourcecode.c.h; path = "UIImage+BH.h"; sourceTree = "<group>"; };
		2970BFFA1E83744800C30C62 /* UIImage+BHI.m */ = {isa = PBXFileReference; fileEncoding = 4; lastKnownFileType = sourcecode.c.objc; path = "UIImage+BHI.m"; sourceTree = "<group>"; };
		2970BFFB1E83744800C30C62 /* UILabel+BH.h */ = {isa = PBXFileReference; fileEncoding = 4; lastKnownFileType = sourcecode.c.h; path = "UILabel+BH.h"; sourceTree = "<group>"; };
		2970BFFC1E83744800C30C62 /* UILabel+BH.m */ = {isa = PBXFileReference; fileEncoding = 4; lastKnownFileType = sourcecode.c.objc; path = "UILabel+BH.m"; sourceTree = "<group>"; };
		2970BFFF1E83744800C30C62 /* UIViewController+BH.h */ = {isa = PBXFileReference; fileEncoding = 4; lastKnownFileType = sourcecode.c.h; path = "UIViewController+BH.h"; sourceTree = "<group>"; };
		2970C0001E83744800C30C62 /* UIViewController+BH.m */ = {isa = PBXFileReference; fileEncoding = 4; lastKnownFileType = sourcecode.c.objc; path = "UIViewController+BH.m"; sourceTree = "<group>"; };
		2970C00E1E83748400C30C62 /* BHHookUtility.h */ = {isa = PBXFileReference; fileEncoding = 4; lastKnownFileType = sourcecode.c.h; path = BHHookUtility.h; sourceTree = "<group>"; };
		2970C00F1E83748400C30C62 /* BHHookUtility.m */ = {isa = PBXFileReference; fileEncoding = 4; lastKnownFileType = sourcecode.c.objc; path = BHHookUtility.m; sourceTree = "<group>"; };
		2970C0121E83748400C30C62 /* BHUtils.h */ = {isa = PBXFileReference; fileEncoding = 4; lastKnownFileType = sourcecode.c.h; path = BHUtils.h; sourceTree = "<group>"; };
		2970C0131E83748400C30C62 /* BHUtils.m */ = {isa = PBXFileReference; fileEncoding = 4; lastKnownFileType = sourcecode.c.objc; path = BHUtils.m; sourceTree = "<group>"; };
		2970C0181E83751100C30C62 /* BHCustomURLCache.h */ = {isa = PBXFileReference; fileEncoding = 4; lastKnownFileType = sourcecode.c.h; path = BHCustomURLCache.h; sourceTree = "<group>"; };
		2970C0191E83751100C30C62 /* BHCustomURLCache.m */ = {isa = PBXFileReference; fileEncoding = 4; lastKnownFileType = sourcecode.c.objc; path = BHCustomURLCache.m; sourceTree = "<group>"; };
		2970C01A1E83751100C30C62 /* BHNetReqManager.h */ = {isa = PBXFileReference; fileEncoding = 4; lastKnownFileType = sourcecode.c.h; path = BHNetReqManager.h; sourceTree = "<group>"; };
		2970C01B1E83751100C30C62 /* BHNetReqManager.m */ = {isa = PBXFileReference; fileEncoding = 4; lastKnownFileType = sourcecode.c.objc; path = BHNetReqManager.m; sourceTree = "<group>"; };
		2970C01C1E83751100C30C62 /* BHURLProtocol.h */ = {isa = PBXFileReference; fileEncoding = 4; lastKnownFileType = sourcecode.c.h; path = BHURLProtocol.h; sourceTree = "<group>"; };
		2970C01D1E83751100C30C62 /* BHURLProtocol.m */ = {isa = PBXFileReference; fileEncoding = 4; lastKnownFileType = sourcecode.c.objc; path = BHURLProtocol.m; sourceTree = "<group>"; };
		2970C0221E8375F000C30C62 /* BHMainViewController.h */ = {isa = PBXFileReference; fileEncoding = 4; lastKnownFileType = sourcecode.c.h; path = BHMainViewController.h; sourceTree = "<group>"; };
		2970C0231E8375F000C30C62 /* BHMainViewController.m */ = {isa = PBXFileReference; fileEncoding = 4; lastKnownFileType = sourcecode.c.objc; path = BHMainViewController.m; sourceTree = "<group>"; };
		2970C0251E8375F000C30C62 /* BHPlayer.bundle */ = {isa = PBXFileReference; lastKnownFileType = "wrapper.plug-in"; path = BHPlayer.bundle; sourceTree = "<group>"; };
		2970C0261E8375F000C30C62 /* BHPlayer.h */ = {isa = PBXFileReference; fileEncoding = 4; lastKnownFileType = sourcecode.c.h; path = BHPlayer.h; sourceTree = "<group>"; };
		2970C0271E8375F000C30C62 /* BHPlayer.m */ = {isa = PBXFileReference; fileEncoding = 4; lastKnownFileType = sourcecode.c.objc; path = BHPlayer.m; sourceTree = "<group>"; };
		2970C0281E8375F000C30C62 /* BHPlayerControlView.h */ = {isa = PBXFileReference; fileEncoding = 4; lastKnownFileType = sourcecode.c.h; path = BHPlayerControlView.h; sourceTree = "<group>"; };
		2970C0291E8375F000C30C62 /* BHPlayerControlView.m */ = {isa = PBXFileReference; fileEncoding = 4; lastKnownFileType = sourcecode.c.objc; path = BHPlayerControlView.m; sourceTree = "<group>"; };
		2970C02A1E8375F000C30C62 /* BHViewController2.h */ = {isa = PBXFileReference; fileEncoding = 4; lastKnownFileType = sourcecode.c.h; path = BHViewController2.h; sourceTree = "<group>"; };
		2970C02B1E8375F000C30C62 /* BHViewController2.m */ = {isa = PBXFileReference; fileEncoding = 4; lastKnownFileType = sourcecode.c.objc; path = BHViewController2.m; sourceTree = "<group>"; };
		2970C02C1E8375F000C30C62 /* snow.mp4 */ = {isa = PBXFileReference; lastKnownFileType = file; path = snow.mp4; sourceTree = "<group>"; };
		2970C02E1E8375F000C30C62 /* BHViewController1.h */ = {isa = PBXFileReference; fileEncoding = 4; lastKnownFileType = sourcecode.c.h; path = BHViewController1.h; sourceTree = "<group>"; };
		2970C02F1E8375F000C30C62 /* BHViewController1.m */ = {isa = PBXFileReference; fileEncoding = 4; lastKnownFileType = sourcecode.c.objc; path = BHViewController1.m; sourceTree = "<group>"; };
		2970C0311E8375F000C30C62 /* BHAlbumCell.h */ = {isa = PBXFileReference; fileEncoding = 4; lastKnownFileType = sourcecode.c.h; path = BHAlbumCell.h; sourceTree = "<group>"; };
		2970C0321E8375F000C30C62 /* BHAlbumCell.m */ = {isa = PBXFileReference; fileEncoding = 4; lastKnownFileType = sourcecode.c.objc; path = BHAlbumCell.m; sourceTree = "<group>"; };
		2970C0331E8375F000C30C62 /* BHPhotosCell.h */ = {isa = PBXFileReference; fileEncoding = 4; lastKnownFileType = sourcecode.c.h; path = BHPhotosCell.h; sourceTree = "<group>"; };
		2970C0341E8375F000C30C62 /* BHPhotosCell.m */ = {isa = PBXFileReference; fileEncoding = 4; lastKnownFileType = sourcecode.c.objc; path = BHPhotosCell.m; sourceTree = "<group>"; };
		2970C0351E8375F000C30C62 /* BHPhotosVC.h */ = {isa = PBXFileReference; fileEncoding = 4; lastKnownFileType = sourcecode.c.h; path = BHPhotosVC.h; sourceTree = "<group>"; };
		2970C0361E8375F000C30C62 /* BHPhotosVC.m */ = {isa = PBXFileReference; fileEncoding = 4; lastKnownFileType = sourcecode.c.objc; path = BHPhotosVC.m; sourceTree = "<group>"; };
		2970C0371E8375F000C30C62 /* BHViewController3.h */ = {isa = PBXFileReference; fileEncoding = 4; lastKnownFileType = sourcecode.c.h; path = BHViewController3.h; sourceTree = "<group>"; };
		2970C0381E8375F000C30C62 /* BHViewController3.m */ = {isa = PBXFileReference; fileEncoding = 4; lastKnownFileType = sourcecode.c.objc; path = BHViewController3.m; sourceTree = "<group>"; };
		2970C03A1E8375F000C30C62 /* BHViewController4.h */ = {isa = PBXFileReference; fileEncoding = 4; lastKnownFileType = sourcecode.c.h; path = BHViewController4.h; sourceTree = "<group>"; };
		2970C03B1E8375F000C30C62 /* BHViewController4.m */ = {isa = PBXFileReference; fileEncoding = 4; lastKnownFileType = sourcecode.c.objc; path = BHViewController4.m; sourceTree = "<group>"; };
		2970C03C1E8375F000C30C62 /* BHViewController4.xib */ = {isa = PBXFileReference; fileEncoding = 4; lastKnownFileType = file.xib; path = BHViewController4.xib; sourceTree = "<group>"; };
		2970C03E1E8375F000C30C62 /* BHViewController0.h */ = {isa = PBXFileReference; fileEncoding = 4; lastKnownFileType = sourcecode.c.h; path = BHViewController0.h; sourceTree = "<group>"; };
		2970C03F1E8375F000C30C62 /* BHViewController0.m */ = {isa = PBXFileReference; fileEncoding = 4; lastKnownFileType = sourcecode.c.objc; path = BHViewController0.m; sourceTree = "<group>"; };
		2970C0501E83760400C30C62 /* BHNavigationController.h */ = {isa = PBXFileReference; fileEncoding = 4; lastKnownFileType = sourcecode.c.h; path = BHNavigationController.h; sourceTree = "<group>"; };
		2970C0511E83760400C30C62 /* BHNavigationController.m */ = {isa = PBXFileReference; fileEncoding = 4; lastKnownFileType = sourcecode.c.objc; path = BHNavigationController.m; sourceTree = "<group>"; };
		34391C491CE4212100970573 /* BlogDemo.app */ = {isa = PBXFileReference; explicitFileType = wrapper.application; includeInIndex = 0; path = BlogDemo.app; sourceTree = BUILT_PRODUCTS_DIR; };
		34391C4D1CE4212100970573 /* main.m */ = {isa = PBXFileReference; lastKnownFileType = sourcecode.c.objc; path = main.m; sourceTree = "<group>"; };
		34391C4F1CE4212100970573 /* AppDelegate.h */ = {isa = PBXFileReference; lastKnownFileType = sourcecode.c.h; path = AppDelegate.h; sourceTree = "<group>"; };
		34391C501CE4212100970573 /* AppDelegate.m */ = {isa = PBXFileReference; lastKnownFileType = sourcecode.c.objc; path = AppDelegate.m; sourceTree = "<group>"; };
		34391C581CE4212100970573 /* Assets.xcassets */ = {isa = PBXFileReference; lastKnownFileType = folder.assetcatalog; path = Assets.xcassets; sourceTree = "<group>"; };
		34391C5B1CE4212100970573 /* Base */ = {isa = PBXFileReference; lastKnownFileType = file.storyboard; name = Base; path = Base.lproj/LaunchScreen.storyboard; sourceTree = "<group>"; };
		34391C5D1CE4212100970573 /* Info.plist */ = {isa = PBXFileReference; lastKnownFileType = text.plist.xml; path = Info.plist; sourceTree = "<group>"; };
		34391CB61CE4245700970573 /* PrefixHeader.pch */ = {isa = PBXFileReference; fileEncoding = 4; lastKnownFileType = sourcecode.c.h; path = PrefixHeader.pch; sourceTree = "<group>"; };
		8BB6BFE363B31757E98502EB /* Pods-BlogDemo.debug.xcconfig */ = {isa = PBXFileReference; includeInIndex = 1; lastKnownFileType = text.xcconfig; name = "Pods-BlogDemo.debug.xcconfig"; path = "Pods/Target Support Files/Pods-BlogDemo/Pods-BlogDemo.debug.xcconfig"; sourceTree = "<group>"; };
		AFC7DBD5722F93E50B146FF7 /* Pods_BlogDemo.framework */ = {isa = PBXFileReference; explicitFileType = wrapper.framework; includeInIndex = 0; path = Pods_BlogDemo.framework; sourceTree = BUILT_PRODUCTS_DIR; };
/* End PBXFileReference section */

/* Begin PBXFrameworksBuildPhase section */
		34391C461CE4212100970573 /* Frameworks */ = {
			isa = PBXFrameworksBuildPhase;
			buildActionMask = 2147483647;
			files = (
				FACD4868EBCE1E47EE1F70B8 /* Pods_BlogDemo.framework in Frameworks */,
			);
			runOnlyForDeploymentPostprocessing = 0;
		};
/* End PBXFrameworksBuildPhase section */

/* Begin PBXGroup section */
		2970BFE61E83744800C30C62 /* Category */ = {
			isa = PBXGroup;
			children = (
				2970BFE71E83744800C30C62 /* Foundation */,
				2970BFF01E83744800C30C62 /* UIKit */,
			);
			path = Category;
			sourceTree = "<group>";
		};
		2970BFE71E83744800C30C62 /* Foundation */ = {
			isa = PBXGroup;
			children = (
				2970BFE81E83744800C30C62 /* NSArray+BH.h */,
				2970BFE91E83744800C30C62 /* NSArray+BH.m */,
				2970BFEA1E83744800C30C62 /* NSDate+BH.h */,
				2970BFEB1E83744800C30C62 /* NSDate+BH.m */,
				2970BFEC1E83744800C30C62 /* NSFileManager+BH.h */,
				2970BFED1E83744800C30C62 /* NSFileManager+BH.m */,
				2970BFEE1E83744800C30C62 /* NSString+BH.h */,
				2970BFEF1E83744800C30C62 /* NSString+BH.m */,
			);
			path = Foundation;
			sourceTree = "<group>";
		};
		2970BFF01E83744800C30C62 /* UIKit */ = {
			isa = PBXGroup;
			children = (
				2970BFF11E83744800C30C62 /* MBProgressHUD+BH.h */,
				2970BFF21E83744800C30C62 /* MBProgressHUD+BH.m */,
				2970BFF31E83744800C30C62 /* UIApplication+BH.h */,
				2970BFF41E83744800C30C62 /* UIApplication+BH.m */,
				2970BFF51E83744800C30C62 /* UIButton+BH.h */,
				2970BFF61E83744800C30C62 /* UIButton+BH.m */,
				2970BFF71E83744800C30C62 /* UIColor+BH.h */,
				2970BFF81E83744800C30C62 /* UIColor+BH.m */,
				2970BFF91E83744800C30C62 /* UIImage+BH.h */,
				2970BFFA1E83744800C30C62 /* UIImage+BHI.m */,
				2970BFFB1E83744800C30C62 /* UILabel+BH.h */,
				2970BFFC1E83744800C30C62 /* UILabel+BH.m */,
				2970BFFF1E83744800C30C62 /* UIViewController+BH.h */,
				2970C0001E83744800C30C62 /* UIViewController+BH.m */,
			);
			path = UIKit;
			sourceTree = "<group>";
		};
		2970C00D1E83748400C30C62 /* Utils */ = {
			isa = PBXGroup;
			children = (
				2970C00E1E83748400C30C62 /* BHHookUtility.h */,
				2970C00F1E83748400C30C62 /* BHHookUtility.m */,
				2970C0121E83748400C30C62 /* BHUtils.h */,
				2970C0131E83748400C30C62 /* BHUtils.m */,
			);
			path = Utils;
			sourceTree = "<group>";
		};
		2970C0171E83751100C30C62 /* NetWork */ = {
			isa = PBXGroup;
			children = (
				2970C0181E83751100C30C62 /* BHCustomURLCache.h */,
				2970C0191E83751100C30C62 /* BHCustomURLCache.m */,
				2970C01A1E83751100C30C62 /* BHNetReqManager.h */,
				2970C01B1E83751100C30C62 /* BHNetReqManager.m */,
				2970C01C1E83751100C30C62 /* BHURLProtocol.h */,
				2970C01D1E83751100C30C62 /* BHURLProtocol.m */,
			);
			path = NetWork;
			sourceTree = "<group>";
		};
		2970C0211E8375F000C30C62 /* Business */ = {
			isa = PBXGroup;
			children = (
				2970C0221E8375F000C30C62 /* BHMainViewController.h */,
				2970C0231E8375F000C30C62 /* BHMainViewController.m */,
				2970C03D1E8375F000C30C62 /* UIBezierPath */,
				2970C02D1E8375F000C30C62 /* NetWork */,
				2970C0241E8375F000C30C62 /* BHPlayer */,
				2970C0391E8375F000C30C62 /* RACTest */,
				2970C0301E8375F000C30C62 /* PhotoKit */,
			);
			path = Business;
			sourceTree = "<group>";
		};
		2970C0241E8375F000C30C62 /* BHPlayer */ = {
			isa = PBXGroup;
			children = (
				2970C02A1E8375F000C30C62 /* BHViewController2.h */,
				2970C02B1E8375F000C30C62 /* BHViewController2.m */,
				2970C0261E8375F000C30C62 /* BHPlayer.h */,
				2970C0271E8375F000C30C62 /* BHPlayer.m */,
				2970C0281E8375F000C30C62 /* BHPlayerControlView.h */,
				2970C0291E8375F000C30C62 /* BHPlayerControlView.m */,
				2970C0251E8375F000C30C62 /* BHPlayer.bundle */,
				2970C02C1E8375F000C30C62 /* snow.mp4 */,
			);
			path = BHPlayer;
			sourceTree = "<group>";
		};
		2970C02D1E8375F000C30C62 /* NetWork */ = {
			isa = PBXGroup;
			children = (
				2970C02E1E8375F000C30C62 /* BHViewController1.h */,
				2970C02F1E8375F000C30C62 /* BHViewController1.m */,
			);
			path = NetWork;
			sourceTree = "<group>";
		};
		2970C0301E8375F000C30C62 /* PhotoKit */ = {
			isa = PBXGroup;
			children = (
				2970C0371E8375F000C30C62 /* BHViewController3.h */,
				2970C0381E8375F000C30C62 /* BHViewController3.m */,
				2970C0311E8375F000C30C62 /* BHAlbumCell.h */,
				2970C0321E8375F000C30C62 /* BHAlbumCell.m */,
				2970C0351E8375F000C30C62 /* BHPhotosVC.h */,
				2970C0361E8375F000C30C62 /* BHPhotosVC.m */,
				2970C0331E8375F000C30C62 /* BHPhotosCell.h */,
				2970C0341E8375F000C30C62 /* BHPhotosCell.m */,
			);
			path = PhotoKit;
			sourceTree = "<group>";
		};
		2970C0391E8375F000C30C62 /* RACTest */ = {
			isa = PBXGroup;
			children = (
				2970C03A1E8375F000C30C62 /* BHViewController4.h */,
				2970C03B1E8375F000C30C62 /* BHViewController4.m */,
				2970C03C1E8375F000C30C62 /* BHViewController4.xib */,
			);
			path = RACTest;
			sourceTree = "<group>";
		};
		2970C03D1E8375F000C30C62 /* UIBezierPath */ = {
			isa = PBXGroup;
			children = (
				2970C03E1E8375F000C30C62 /* BHViewController0.h */,
				2970C03F1E8375F000C30C62 /* BHViewController0.m */,
			);
			path = UIBezierPath;
			sourceTree = "<group>";
		};
		2970C04E1E83760400C30C62 /* Custom */ = {
			isa = PBXGroup;
			children = (
				2970C04F1E83760400C30C62 /* Navigation */,
			);
			path = Custom;
			sourceTree = "<group>";
		};
		2970C04F1E83760400C30C62 /* Navigation */ = {
			isa = PBXGroup;
			children = (
				2970C0501E83760400C30C62 /* BHNavigationController.h */,
				2970C0511E83760400C30C62 /* BHNavigationController.m */,
			);
			path = Navigation;
			sourceTree = "<group>";
		};
		34391C401CE4212100970573 = {
			isa = PBXGroup;
			children = (
				34391C4B1CE4212100970573 /* BlogDemo */,
				34391C4A1CE4212100970573 /* Products */,
				5E7AC6EBFE74EE6C36AFB1BF /* Pods */,
				AAD867F606DE61F7F120570D /* Frameworks */,
			);
			sourceTree = "<group>";
		};
		34391C4A1CE4212100970573 /* Products */ = {
			isa = PBXGroup;
			children = (
				34391C491CE4212100970573 /* BlogDemo.app */,
			);
			name = Products;
			sourceTree = "<group>";
		};
		34391C4B1CE4212100970573 /* BlogDemo */ = {
			isa = PBXGroup;
			children = (
				34391C4F1CE4212100970573 /* AppDelegate.h */,
				34391C501CE4212100970573 /* AppDelegate.m */,
				2970C0211E8375F000C30C62 /* Business */,
				2970C04E1E83760400C30C62 /* Custom */,
				2970C0171E83751100C30C62 /* NetWork */,
				2970C00D1E83748400C30C62 /* Utils */,
				2970BFE61E83744800C30C62 /* Category */,
				34391C581CE4212100970573 /* Assets.xcassets */,
				34391C5A1CE4212100970573 /* LaunchScreen.storyboard */,
				34391C5D1CE4212100970573 /* Info.plist */,
				34391C4C1CE4212100970573 /* Supporting Files */,
			);
			path = BlogDemo;
			sourceTree = "<group>";
		};
		34391C4C1CE4212100970573 /* Supporting Files */ = {
			isa = PBXGroup;
			children = (
				34391C4D1CE4212100970573 /* main.m */,
				34391CB61CE4245700970573 /* PrefixHeader.pch */,
			);
			name = "Supporting Files";
			sourceTree = "<group>";
		};
		5E7AC6EBFE74EE6C36AFB1BF /* Pods */ = {
			isa = PBXGroup;
			children = (
				8BB6BFE363B31757E98502EB /* Pods-BlogDemo.debug.xcconfig */,
				28590A938192A3402018729B /* Pods-BlogDemo.release.xcconfig */,
			);
			name = Pods;
			sourceTree = "<group>";
		};
		AAD867F606DE61F7F120570D /* Frameworks */ = {
			isa = PBXGroup;
			children = (
				AFC7DBD5722F93E50B146FF7 /* Pods_BlogDemo.framework */,
			);
			name = Frameworks;
			sourceTree = "<group>";
		};
/* End PBXGroup section */

/* Begin PBXNativeTarget section */
		34391C481CE4212100970573 /* BlogDemo */ = {
			isa = PBXNativeTarget;
			buildConfigurationList = 34391C601CE4212100970573 /* Build configuration list for PBXNativeTarget "BlogDemo" */;
			buildPhases = (
				FF49F4D6BEE1DEE28012215D /* [CP] Check Pods Manifest.lock */,
				34391C451CE4212100970573 /* Sources */,
				34391C461CE4212100970573 /* Frameworks */,
				34391C471CE4212100970573 /* Resources */,
				5D346E1C430010A514CF0841 /* [CP] Embed Pods Frameworks */,
				7976E15C2FC0C645074F0057 /* [CP] Copy Pods Resources */,
			);
			buildRules = (
			);
			dependencies = (
			);
			name = BlogDemo;
			productName = BlogDemo;
			productReference = 34391C491CE4212100970573 /* BlogDemo.app */;
			productType = "com.apple.product-type.application";
		};
/* End PBXNativeTarget section */

/* Begin PBXProject section */
		34391C411CE4212100970573 /* Project object */ = {
			isa = PBXProject;
			attributes = {
				CLASSPREFIX = BH;
				LastUpgradeCheck = 0810;
				ORGANIZATIONNAME = BinHan;
				TargetAttributes = {
					34391C481CE4212100970573 = {
						CreatedOnToolsVersion = 7.2;
						DevelopmentTeam = H5XHGCCSHA;
						ProvisioningStyle = Automatic;
						SystemCapabilities = {
							com.apple.BackgroundModes = {
								enabled = 0;
							};
						};
					};
				};
			};
			buildConfigurationList = 34391C441CE4212100970573 /* Build configuration list for PBXProject "BlogDemo" */;
			compatibilityVersion = "Xcode 3.2";
			developmentRegion = English;
			hasScannedForEncodings = 0;
			knownRegions = (
				en,
				Base,
			);
			mainGroup = 34391C401CE4212100970573;
			productRefGroup = 34391C4A1CE4212100970573 /* Products */;
			projectDirPath = "";
			projectRoot = "";
			targets = (
				34391C481CE4212100970573 /* BlogDemo */,
			);
		};
/* End PBXProject section */

/* Begin PBXResourcesBuildPhase section */
		34391C471CE4212100970573 /* Resources */ = {
			isa = PBXResourcesBuildPhase;
			buildActionMask = 2147483647;
			files = (
				2970C0411E8375F000C30C62 /* BHPlayer.bundle in Resources */,
				34391C5C1CE4212100970573 /* LaunchScreen.storyboard in Resources */,
				2970C04C1E8375F000C30C62 /* BHViewController4.xib in Resources */,
				2970C0451E8375F000C30C62 /* snow.mp4 in Resources */,
				34391C591CE4212100970573 /* Assets.xcassets in Resources */,
			);
			runOnlyForDeploymentPostprocessing = 0;
		};
/* End PBXResourcesBuildPhase section */

/* Begin PBXShellScriptBuildPhase section */
		5D346E1C430010A514CF0841 /* [CP] Embed Pods Frameworks */ = {
			isa = PBXShellScriptBuildPhase;
			buildActionMask = 2147483647;
			files = (
			);
			inputPaths = (
			);
			name = "[CP] Embed Pods Frameworks";
			outputPaths = (
			);
			runOnlyForDeploymentPostprocessing = 0;
			shellPath = /bin/sh;
			shellScript = "\"${SRCROOT}/Pods/Target Support Files/Pods-BlogDemo/Pods-BlogDemo-frameworks.sh\"\n";
			showEnvVarsInLog = 0;
		};
		7976E15C2FC0C645074F0057 /* [CP] Copy Pods Resources */ = {
			isa = PBXShellScriptBuildPhase;
			buildActionMask = 2147483647;
			files = (
			);
			inputPaths = (
			);
			name = "[CP] Copy Pods Resources";
			outputPaths = (
			);
			runOnlyForDeploymentPostprocessing = 0;
			shellPath = /bin/sh;
			shellScript = "\"${SRCROOT}/Pods/Target Support Files/Pods-BlogDemo/Pods-BlogDemo-resources.sh\"\n";
			showEnvVarsInLog = 0;
		};
		FF49F4D6BEE1DEE28012215D /* [CP] Check Pods Manifest.lock */ = {
			isa = PBXShellScriptBuildPhase;
			buildActionMask = 2147483647;
			files = (
			);
			inputPaths = (
			);
			name = "[CP] Check Pods Manifest.lock";
			outputPaths = (
			);
			runOnlyForDeploymentPostprocessing = 0;
			shellPath = /bin/sh;
			shellScript = "diff \"${PODS_ROOT}/../Podfile.lock\" \"${PODS_ROOT}/Manifest.lock\" > /dev/null\nif [[ $? != 0 ]] ; then\n    cat << EOM\nerror: The sandbox is not in sync with the Podfile.lock. Run 'pod install' or update your CocoaPods installation.\nEOM\n    exit 1\nfi\n";
			showEnvVarsInLog = 0;
		};
/* End PBXShellScriptBuildPhase section */

/* Begin PBXSourcesBuildPhase section */
		34391C451CE4212100970573 /* Sources */ = {
			isa = PBXSourcesBuildPhase;
			buildActionMask = 2147483647;
			files = (
				2970C00C1E83744800C30C62 /* UIViewController+BH.m in Sources */,
				2970C0061E83744800C30C62 /* UIApplication+BH.m in Sources */,
				2970C0431E8375F000C30C62 /* BHPlayerControlView.m in Sources */,
				2970C0011E83744800C30C62 /* NSArray+BH.m in Sources */,
				2970C01E1E83751100C30C62 /* BHCustomURLCache.m in Sources */,
				2970C0051E83744800C30C62 /* MBProgressHUD+BH.m in Sources */,
				2970C0071E83744800C30C62 /* UIButton+BH.m in Sources */,
				2970C0091E83744800C30C62 /* UIImage+BHI.m in Sources */,
				2970C0031E83744800C30C62 /* NSFileManager+BH.m in Sources */,
				2970C04A1E8375F000C30C62 /* BHViewController3.m in Sources */,
				2970C04B1E8375F000C30C62 /* BHViewController4.m in Sources */,
				2970C00A1E83744800C30C62 /* UILabel+BH.m in Sources */,
				34391C511CE4212100970573 /* AppDelegate.m in Sources */,
				34391C4E1CE4212100970573 /* main.m in Sources */,
				2970C0491E8375F000C30C62 /* BHPhotosVC.m in Sources */,
				2970C01F1E83751100C30C62 /* BHNetReqManager.m in Sources */,
				2970C0041E83744800C30C62 /* NSString+BH.m in Sources */,
				2970C0201E83751100C30C62 /* BHURLProtocol.m in Sources */,
				2970C0471E8375F000C30C62 /* BHAlbumCell.m in Sources */,
				2970C0461E8375F000C30C62 /* BHViewController1.m in Sources */,
				2970C0481E8375F000C30C62 /* BHPhotosCell.m in Sources */,
				2970C0081E83744800C30C62 /* UIColor+BH.m in Sources */,
				2970C0141E83748400C30C62 /* BHHookUtility.m in Sources */,
				2970C0161E83748400C30C62 /* BHUtils.m in Sources */,
				2970C04D1E8375F000C30C62 /* BHViewController0.m in Sources */,
				2970C0441E8375F000C30C62 /* BHViewController2.m in Sources */,
				2970C0021E83744800C30C62 /* NSDate+BH.m in Sources */,
				2970C0401E8375F000C30C62 /* BHMainViewController.m in Sources */,
				2970C0521E83760400C30C62 /* BHNavigationController.m in Sources */,
				2970C0421E8375F000C30C62 /* BHPlayer.m in Sources */,
			);
			runOnlyForDeploymentPostprocessing = 0;
		};
/* End PBXSourcesBuildPhase section */

/* Begin PBXVariantGroup section */
		34391C5A1CE4212100970573 /* LaunchScreen.storyboard */ = {
			isa = PBXVariantGroup;
			children = (
				34391C5B1CE4212100970573 /* Base */,
			);
			name = LaunchScreen.storyboard;
			sourceTree = "<group>";
		};
/* End PBXVariantGroup section */

/* Begin XCBuildConfiguration section */
		34391C5E1CE4212100970573 /* Debug */ = {
			isa = XCBuildConfiguration;
			buildSettings = {
				ALWAYS_SEARCH_USER_PATHS = NO;
				CLANG_CXX_LANGUAGE_STANDARD = "gnu++0x";
				CLANG_CXX_LIBRARY = "libc++";
				CLANG_ENABLE_MODULES = YES;
				CLANG_ENABLE_OBJC_ARC = YES;
				CLANG_WARN_BOOL_CONVERSION = YES;
				CLANG_WARN_CONSTANT_CONVERSION = YES;
				CLANG_WARN_DIRECT_OBJC_ISA_USAGE = YES_ERROR;
				CLANG_WARN_EMPTY_BODY = YES;
				CLANG_WARN_ENUM_CONVERSION = YES;
				CLANG_WARN_INFINITE_RECURSION = YES;
				CLANG_WARN_INT_CONVERSION = YES;
				CLANG_WARN_OBJC_ROOT_CLASS = YES_ERROR;
				CLANG_WARN_SUSPICIOUS_MOVE = YES;
				CLANG_WARN_UNREACHABLE_CODE = YES;
				CLANG_WARN__DUPLICATE_METHOD_MATCH = YES;
				CODE_SIGN_IDENTITY = "iPhone Developer";
				"CODE_SIGN_IDENTITY[sdk=iphoneos*]" = "iPhone Developer";
				COPY_PHASE_STRIP = NO;
				DEBUG_INFORMATION_FORMAT = dwarf;
				ENABLE_STRICT_OBJC_MSGSEND = YES;
				ENABLE_TESTABILITY = YES;
				GCC_C_LANGUAGE_STANDARD = gnu99;
				GCC_DYNAMIC_NO_PIC = NO;
				GCC_NO_COMMON_BLOCKS = YES;
				GCC_OPTIMIZATION_LEVEL = 0;
				GCC_PREPROCESSOR_DEFINITIONS = (
					"DEBUG=1",
					"$(inherited)",
				);
				GCC_WARN_64_TO_32_BIT_CONVERSION = YES;
				GCC_WARN_ABOUT_RETURN_TYPE = YES_ERROR;
				GCC_WARN_UNDECLARED_SELECTOR = YES;
				GCC_WARN_UNINITIALIZED_AUTOS = YES_AGGRESSIVE;
				GCC_WARN_UNUSED_FUNCTION = YES;
				GCC_WARN_UNUSED_VARIABLE = YES;
				IPHONEOS_DEPLOYMENT_TARGET = 8.0;
				MTL_ENABLE_DEBUG_INFO = YES;
				ONLY_ACTIVE_ARCH = YES;
				SDKROOT = iphoneos;
			};
			name = Debug;
		};
		34391C5F1CE4212100970573 /* Release */ = {
			isa = XCBuildConfiguration;
			buildSettings = {
				ALWAYS_SEARCH_USER_PATHS = NO;
				CLANG_CXX_LANGUAGE_STANDARD = "gnu++0x";
				CLANG_CXX_LIBRARY = "libc++";
				CLANG_ENABLE_MODULES = YES;
				CLANG_ENABLE_OBJC_ARC = YES;
				CLANG_WARN_BOOL_CONVERSION = YES;
				CLANG_WARN_CONSTANT_CONVERSION = YES;
				CLANG_WARN_DIRECT_OBJC_ISA_USAGE = YES_ERROR;
				CLANG_WARN_EMPTY_BODY = YES;
				CLANG_WARN_ENUM_CONVERSION = YES;
				CLANG_WARN_INFINITE_RECURSION = YES;
				CLANG_WARN_INT_CONVERSION = YES;
				CLANG_WARN_OBJC_ROOT_CLASS = YES_ERROR;
				CLANG_WARN_SUSPICIOUS_MOVE = YES;
				CLANG_WARN_UNREACHABLE_CODE = YES;
				CLANG_WARN__DUPLICATE_METHOD_MATCH = YES;
				CODE_SIGN_IDENTITY = "iPhone Developer";
				"CODE_SIGN_IDENTITY[sdk=iphoneos*]" = "iPhone Developer";
				COPY_PHASE_STRIP = NO;
				DEBUG_INFORMATION_FORMAT = "dwarf-with-dsym";
				ENABLE_NS_ASSERTIONS = NO;
				ENABLE_STRICT_OBJC_MSGSEND = YES;
				GCC_C_LANGUAGE_STANDARD = gnu99;
				GCC_NO_COMMON_BLOCKS = YES;
				GCC_WARN_64_TO_32_BIT_CONVERSION = YES;
				GCC_WARN_ABOUT_RETURN_TYPE = YES_ERROR;
				GCC_WARN_UNDECLARED_SELECTOR = YES;
				GCC_WARN_UNINITIALIZED_AUTOS = YES_AGGRESSIVE;
				GCC_WARN_UNUSED_FUNCTION = YES;
				GCC_WARN_UNUSED_VARIABLE = YES;
				IPHONEOS_DEPLOYMENT_TARGET = 8.0;
				MTL_ENABLE_DEBUG_INFO = NO;
				SDKROOT = iphoneos;
				VALIDATE_PRODUCT = YES;
			};
			name = Release;
		};
		34391C611CE4212100970573 /* Debug */ = {
			isa = XCBuildConfiguration;
			baseConfigurationReference = 8BB6BFE363B31757E98502EB /* Pods-BlogDemo.debug.xcconfig */;
			buildSettings = {
				ASSETCATALOG_COMPILER_APPICON_NAME = AppIcon;
				CLANG_WARN_OBJC_IMPLICIT_RETAIN_SELF = YES;
				"CODE_SIGN_IDENTITY[sdk=iphoneos*]" = "iPhone Developer";
				DEVELOPMENT_TEAM = H5XHGCCSHA;
				GCC_PRECOMPILE_PREFIX_HEADER = YES;
				GCC_PREFIX_HEADER = "$(SRCROOT)/BlogDemo/PrefixHeader.pch";
				INFOPLIST_FILE = BlogDemo/Info.plist;
				IPHONEOS_DEPLOYMENT_TARGET = 8.0;
				LD_RUNPATH_SEARCH_PATHS = "$(inherited) @executable_path/Frameworks";
				PRODUCT_BUNDLE_IDENTIFIER = com.BinHan.BlogDemo21323;
				PRODUCT_NAME = "$(TARGET_NAME)";
			};
			name = Debug;
		};
		34391C621CE4212100970573 /* Release */ = {
			isa = XCBuildConfiguration;
			baseConfigurationReference = 28590A938192A3402018729B /* Pods-BlogDemo.release.xcconfig */;
			buildSettings = {
				ASSETCATALOG_COMPILER_APPICON_NAME = AppIcon;
				CLANG_WARN_OBJC_IMPLICIT_RETAIN_SELF = YES;
				"CODE_SIGN_IDENTITY[sdk=iphoneos*]" = "iPhone Developer";
				DEVELOPMENT_TEAM = H5XHGCCSHA;
				GCC_PRECOMPILE_PREFIX_HEADER = YES;
				GCC_PREFIX_HEADER = "$(SRCROOT)/BlogDemo/PrefixHeader.pch";
				INFOPLIST_FILE = BlogDemo/Info.plist;
				IPHONEOS_DEPLOYMENT_TARGET = 8.0;
				LD_RUNPATH_SEARCH_PATHS = "$(inherited) @executable_path/Frameworks";
				PRODUCT_BUNDLE_IDENTIFIER = com.BinHan.BlogDemo21323;
				PRODUCT_NAME = "$(TARGET_NAME)";
			};
			name = Release;
		};
/* End XCBuildConfiguration section */

/* Begin XCConfigurationList section */
		34391C441CE4212100970573 /* Build configuration list for PBXProject "BlogDemo" */ = {
			isa = XCConfigurationList;
			buildConfigurations = (
				34391C5E1CE4212100970573 /* Debug */,
				34391C5F1CE4212100970573 /* Release */,
			);
			defaultConfigurationIsVisible = 0;
			defaultConfigurationName = Release;
		};
		34391C601CE4212100970573 /* Build configuration list for PBXNativeTarget "BlogDemo" */ = {
			isa = XCConfigurationList;
			buildConfigurations = (
				34391C611CE4212100970573 /* Debug */,
				34391C621CE4212100970573 /* Release */,
			);
			defaultConfigurationIsVisible = 0;
			defaultConfigurationName = Release;
		};
/* End XCConfigurationList section */
	};
	rootObject = 34391C411CE4212100970573 /* Project object */;
}
