// !$*UTF8*$!
{
	archiveVersion = 1;
	classes = {
	};
	objectVersion = 46;
	objects = {

/* Begin PBXBuildFile section */
		292380411D66D76F00A6C355 /* UIImage+BHI.m in Sources */ = {isa = PBXBuildFile; fileRef = 292380401D66D76F00A6C355 /* UIImage+BHI.m */; };
		29450BB61DBE656A00249ED6 /* NSArray+BH.m in Sources */ = {isa = PBXBuildFile; fileRef = 29450BB51DBE656A00249ED6 /* NSArray+BH.m */; };
		295B01B91E07E1F7006E8177 /* BHAlbumCell.m in Sources */ = {isa = PBXBuildFile; fileRef = 295B01B81E07E1F7006E8177 /* BHAlbumCell.m */; };
		296EB7941DFFE3E00014895D /* BHPhotosCell.m in Sources */ = {isa = PBXBuildFile; fileRef = 296EB7931DFFE3E00014895D /* BHPhotosCell.m */; };
		298184C91DC4E2C6008C8811 /* BHURLProtocol.m in Sources */ = {isa = PBXBuildFile; fileRef = 298184C81DC4E2C6008C8811 /* BHURLProtocol.m */; };
		29CA613D1DC47CEA00801F4D /* NSDate+BH.m in Sources */ = {isa = PBXBuildFile; fileRef = 29CA613C1DC47CEA00801F4D /* NSDate+BH.m */; };
		29CA61401DC47FA800801F4D /* NSString+BH.m in Sources */ = {isa = PBXBuildFile; fileRef = 29CA613F1DC47FA800801F4D /* NSString+BH.m */; };
		29CA61461DC4831D00801F4D /* UIColor+BH.m in Sources */ = {isa = PBXBuildFile; fileRef = 29CA61451DC4831D00801F4D /* UIColor+BH.m */; };
		3431BA3A1D9172810034662C /* BHInputTextDelegate.m in Sources */ = {isa = PBXBuildFile; fileRef = 3431BA391D9172810034662C /* BHInputTextDelegate.m */; };
		34391C4E1CE4212100970573 /* main.m in Sources */ = {isa = PBXBuildFile; fileRef = 34391C4D1CE4212100970573 /* main.m */; };
		34391C511CE4212100970573 /* AppDelegate.m in Sources */ = {isa = PBXBuildFile; fileRef = 34391C501CE4212100970573 /* AppDelegate.m */; };
		34391C591CE4212100970573 /* Assets.xcassets in Resources */ = {isa = PBXBuildFile; fileRef = 34391C581CE4212100970573 /* Assets.xcassets */; };
		34391C5C1CE4212100970573 /* LaunchScreen.storyboard in Resources */ = {isa = PBXBuildFile; fileRef = 34391C5A1CE4212100970573 /* LaunchScreen.storyboard */; };
		34391C641CE4217800970573 /* snow.mp4 in Resources */ = {isa = PBXBuildFile; fileRef = 34391C631CE4217800970573 /* snow.mp4 */; };
		34391C681CE421CB00970573 /* BHHookUtility.m in Sources */ = {isa = PBXBuildFile; fileRef = 34391C671CE421CB00970573 /* BHHookUtility.m */; };
		34391C6B1CE421D100970573 /* BHUtils.m in Sources */ = {isa = PBXBuildFile; fileRef = 34391C6A1CE421D100970573 /* BHUtils.m */; };
		34391C6F1CE421E400970573 /* UIApplication+BH.m in Sources */ = {isa = PBXBuildFile; fileRef = 34391C6E1CE421E400970573 /* UIApplication+BH.m */; };
		34391C731CE4220200970573 /* BHNetReqManager.m in Sources */ = {isa = PBXBuildFile; fileRef = 34391C721CE4220200970573 /* BHNetReqManager.m */; };
		34391C761CE4221900970573 /* BHCustomURLCache.m in Sources */ = {isa = PBXBuildFile; fileRef = 34391C751CE4221900970573 /* BHCustomURLCache.m */; };
		34391C8B1CE4229600970573 /* BHViewController0.m in Sources */ = {isa = PBXBuildFile; fileRef = 34391C881CE4229600970573 /* BHViewController0.m */; };
		34391CA61CE4235200970573 /* BHViewController1.m in Sources */ = {isa = PBXBuildFile; fileRef = 34391CA51CE4235200970573 /* BHViewController1.m */; };
		34391CB11CE4238F00970573 /* BHViewController2.m in Sources */ = {isa = PBXBuildFile; fileRef = 34391CB01CE4238F00970573 /* BHViewController2.m */; };
		34391CB41CE423DD00970573 /* BHMainViewController.m in Sources */ = {isa = PBXBuildFile; fileRef = 34391CB31CE423DD00970573 /* BHMainViewController.m */; };
		34391CBD1CE4261C00970573 /* BHPlayer.m in Sources */ = {isa = PBXBuildFile; fileRef = 34391CBA1CE4261C00970573 /* BHPlayer.m */; };
		34391CBE1CE4261C00970573 /* BHPlayerControlView.m in Sources */ = {isa = PBXBuildFile; fileRef = 34391CBC1CE4261C00970573 /* BHPlayerControlView.m */; };
		34391CC01CE4262300970573 /* BHPlayer.bundle in Resources */ = {isa = PBXBuildFile; fileRef = 34391CBF1CE4262300970573 /* BHPlayer.bundle */; };
		34391D071CE491E100970573 /* BHNavigationController.m in Sources */ = {isa = PBXBuildFile; fileRef = 34391D061CE491E100970573 /* BHNavigationController.m */; };
		34C6BDD31D635B440074C5D3 /* BHViewController4.m in Sources */ = {isa = PBXBuildFile; fileRef = 34C6BDD21D635B440074C5D3 /* BHViewController4.m */; };
		34C6BDD51D635F760074C5D3 /* BHViewController4.xib in Resources */ = {isa = PBXBuildFile; fileRef = 34C6BDD41D635F760074C5D3 /* BHViewController4.xib */; };
		34D142251D81A68D00C99B6D /* UILabel+BH.m in Sources */ = {isa = PBXBuildFile; fileRef = 34D142241D81A68D00C99B6D /* UILabel+BH.m */; };
		34D1422C1D81ADDC00C99B6D /* UIButton+BH.m in Sources */ = {isa = PBXBuildFile; fileRef = 34D1422B1D81ADDC00C99B6D /* UIButton+BH.m */; };
		34E2294A1CE76945007B8098 /* BHBaseModel.m in Sources */ = {isa = PBXBuildFile; fileRef = 34E229491CE76945007B8098 /* BHBaseModel.m */; };
		AD3709171DDC8E6E007753D5 /* UIViewController+BH.m in Sources */ = {isa = PBXBuildFile; fileRef = AD3709161DDC8E6E007753D5 /* UIViewController+BH.m */; };
		AD37091A1DDC9335007753D5 /* UITableView+BH.m in Sources */ = {isa = PBXBuildFile; fileRef = AD3709191DDC9335007753D5 /* UITableView+BH.m */; };
		AD6AB5451E0039F20032B4F1 /* NSFileManager+BH.m in Sources */ = {isa = PBXBuildFile; fileRef = AD6AB5441E0039F20032B4F1 /* NSFileManager+BH.m */; };
		AD6DCA8D1DE8AF13000BEE75 /* MBProgressHUD+BH.m in Sources */ = {isa = PBXBuildFile; fileRef = AD6DCA8C1DE8AF13000BEE75 /* MBProgressHUD+BH.m */; };
		AD9DF29F1E65D34C00B75BB5 /* BHPhotosVC.m in Sources */ = {isa = PBXBuildFile; fileRef = AD9DF29E1E65D34C00B75BB5 /* BHPhotosVC.m */; };
		ADD128B81DFEE2A70080780D /* BHViewController3.m in Sources */ = {isa = PBXBuildFile; fileRef = ADD128B71DFEE2A70080780D /* BHViewController3.m */; };
		FACD4868EBCE1E47EE1F70B8 /* Pods_BlogDemo.framework in Frameworks */ = {isa = PBXBuildFile; fileRef = AFC7DBD5722F93E50B146FF7 /* Pods_BlogDemo.framework */; };
/* End PBXBuildFile section */

/* Begin PBXFileReference section */
		28590A938192A3402018729B /* Pods-BlogDemo.release.xcconfig */ = {isa = PBXFileReference; includeInIndex = 1; lastKnownFileType = text.xcconfig; name = "Pods-BlogDemo.release.xcconfig"; path = "Pods/Target Support Files/Pods-BlogDemo/Pods-BlogDemo.release.xcconfig"; sourceTree = "<group>"; };
		2923803F1D66D76F00A6C355 /* UIImage+BH.h */ = {isa = PBXFileReference; fileEncoding = 4; lastKnownFileType = sourcecode.c.h; path = "UIImage+BH.h"; sourceTree = "<group>"; };
		292380401D66D76F00A6C355 /* UIImage+BHI.m */ = {isa = PBXFileReference; fileEncoding = 4; lastKnownFileType = sourcecode.c.objc; path = "UIImage+BHI.m"; sourceTree = "<group>"; };
		29450BB41DBE656A00249ED6 /* NSArray+BH.h */ = {isa = PBXFileReference; fileEncoding = 4; lastKnownFileType = sourcecode.c.h; path = "NSArray+BH.h"; sourceTree = "<group>"; };
		29450BB51DBE656A00249ED6 /* NSArray+BH.m */ = {isa = PBXFileReference; fileEncoding = 4; lastKnownFileType = sourcecode.c.objc; path = "NSArray+BH.m"; sourceTree = "<group>"; };
		295B01B71E07E1F7006E8177 /* BHAlbumCell.h */ = {isa = PBXFileReference; fileEncoding = 4; lastKnownFileType = sourcecode.c.h; path = BHAlbumCell.h; sourceTree = "<group>"; };
		295B01B81E07E1F7006E8177 /* BHAlbumCell.m */ = {isa = PBXFileReference; fileEncoding = 4; lastKnownFileType = sourcecode.c.objc; path = BHAlbumCell.m; sourceTree = "<group>"; };
		296EB7921DFFE3E00014895D /* BHPhotosCell.h */ = {isa = PBXFileReference; fileEncoding = 4; lastKnownFileType = sourcecode.c.h; path = BHPhotosCell.h; sourceTree = "<group>"; };
		296EB7931DFFE3E00014895D /* BHPhotosCell.m */ = {isa = PBXFileReference; fileEncoding = 4; lastKnownFileType = sourcecode.c.objc; path = BHPhotosCell.m; sourceTree = "<group>"; };
		298184C71DC4E2C6008C8811 /* BHURLProtocol.h */ = {isa = PBXFileReference; fileEncoding = 4; lastKnownFileType = sourcecode.c.h; path = BHURLProtocol.h; sourceTree = "<group>"; };
		298184C81DC4E2C6008C8811 /* BHURLProtocol.m */ = {isa = PBXFileReference; fileEncoding = 4; lastKnownFileType = sourcecode.c.objc; path = BHURLProtocol.m; sourceTree = "<group>"; };
		29CA613B1DC47CEA00801F4D /* NSDate+BH.h */ = {isa = PBXFileReference; fileEncoding = 4; lastKnownFileType = sourcecode.c.h; path = "NSDate+BH.h"; sourceTree = "<group>"; };
		29CA613C1DC47CEA00801F4D /* NSDate+BH.m */ = {isa = PBXFileReference; fileEncoding = 4; lastKnownFileType = sourcecode.c.objc; path = "NSDate+BH.m"; sourceTree = "<group>"; };
		29CA613E1DC47FA800801F4D /* NSString+BH.h */ = {isa = PBXFileReference; fileEncoding = 4; lastKnownFileType = sourcecode.c.h; path = "NSString+BH.h"; sourceTree = "<group>"; };
		29CA613F1DC47FA800801F4D /* NSString+BH.m */ = {isa = PBXFileReference; fileEncoding = 4; lastKnownFileType = sourcecode.c.objc; path = "NSString+BH.m"; sourceTree = "<group>"; };
		29CA61441DC4831D00801F4D /* UIColor+BH.h */ = {isa = PBXFileReference; fileEncoding = 4; lastKnownFileType = sourcecode.c.h; path = "UIColor+BH.h"; sourceTree = "<group>"; };
		29CA61451DC4831D00801F4D /* UIColor+BH.m */ = {isa = PBXFileReference; fileEncoding = 4; lastKnownFileType = sourcecode.c.objc; path = "UIColor+BH.m"; sourceTree = "<group>"; };
		3431BA381D9172810034662C /* BHInputTextDelegate.h */ = {isa = PBXFileReference; fileEncoding = 4; lastKnownFileType = sourcecode.c.h; path = BHInputTextDelegate.h; sourceTree = "<group>"; };
		3431BA391D9172810034662C /* BHInputTextDelegate.m */ = {isa = PBXFileReference; fileEncoding = 4; lastKnownFileType = sourcecode.c.objc; path = BHInputTextDelegate.m; sourceTree = "<group>"; };
		34391C491CE4212100970573 /* BlogDemo.app */ = {isa = PBXFileReference; explicitFileType = wrapper.application; includeInIndex = 0; path = BlogDemo.app; sourceTree = BUILT_PRODUCTS_DIR; };
		34391C4D1CE4212100970573 /* main.m */ = {isa = PBXFileReference; lastKnownFileType = sourcecode.c.objc; path = main.m; sourceTree = "<group>"; };
		34391C4F1CE4212100970573 /* AppDelegate.h */ = {isa = PBXFileReference; lastKnownFileType = sourcecode.c.h; path = AppDelegate.h; sourceTree = "<group>"; };
		34391C501CE4212100970573 /* AppDelegate.m */ = {isa = PBXFileReference; lastKnownFileType = sourcecode.c.objc; path = AppDelegate.m; sourceTree = "<group>"; };
		34391C581CE4212100970573 /* Assets.xcassets */ = {isa = PBXFileReference; lastKnownFileType = folder.assetcatalog; path = Assets.xcassets; sourceTree = "<group>"; };
		34391C5B1CE4212100970573 /* Base */ = {isa = PBXFileReference; lastKnownFileType = file.storyboard; name = Base; path = Base.lproj/LaunchScreen.storyboard; sourceTree = "<group>"; };
		34391C5D1CE4212100970573 /* Info.plist */ = {isa = PBXFileReference; lastKnownFileType = text.plist.xml; path = Info.plist; sourceTree = "<group>"; };
		34391C631CE4217800970573 /* snow.mp4 */ = {isa = PBXFileReference; lastKnownFileType = file; path = snow.mp4; sourceTree = "<group>"; };
		34391C661CE421CB00970573 /* BHHookUtility.h */ = {isa = PBXFileReference; fileEncoding = 4; lastKnownFileType = sourcecode.c.h; path = BHHookUtility.h; sourceTree = "<group>"; };
		34391C671CE421CB00970573 /* BHHookUtility.m */ = {isa = PBXFileReference; fileEncoding = 4; lastKnownFileType = sourcecode.c.objc; path = BHHookUtility.m; sourceTree = "<group>"; };
		34391C691CE421D100970573 /* BHUtils.h */ = {isa = PBXFileReference; fileEncoding = 4; lastKnownFileType = sourcecode.c.h; path = BHUtils.h; sourceTree = "<group>"; };
		34391C6A1CE421D100970573 /* BHUtils.m */ = {isa = PBXFileReference; fileEncoding = 4; lastKnownFileType = sourcecode.c.objc; path = BHUtils.m; sourceTree = "<group>"; };
		34391C6D1CE421E400970573 /* UIApplication+BH.h */ = {isa = PBXFileReference; fileEncoding = 4; lastKnownFileType = sourcecode.c.h; path = "UIApplication+BH.h"; sourceTree = "<group>"; };
		34391C6E1CE421E400970573 /* UIApplication+BH.m */ = {isa = PBXFileReference; fileEncoding = 4; lastKnownFileType = sourcecode.c.objc; path = "UIApplication+BH.m"; sourceTree = "<group>"; };
		34391C711CE4220200970573 /* BHNetReqManager.h */ = {isa = PBXFileReference; fileEncoding = 4; lastKnownFileType = sourcecode.c.h; path = BHNetReqManager.h; sourceTree = "<group>"; };
		34391C721CE4220200970573 /* BHNetReqManager.m */ = {isa = PBXFileReference; fileEncoding = 4; lastKnownFileType = sourcecode.c.objc; path = BHNetReqManager.m; sourceTree = "<group>"; };
		34391C741CE4221900970573 /* BHCustomURLCache.h */ = {isa = PBXFileReference; fileEncoding = 4; lastKnownFileType = sourcecode.c.h; path = BHCustomURLCache.h; sourceTree = "<group>"; };
		34391C751CE4221900970573 /* BHCustomURLCache.m */ = {isa = PBXFileReference; fileEncoding = 4; lastKnownFileType = sourcecode.c.objc; path = BHCustomURLCache.m; sourceTree = "<group>"; };
		34391C871CE4229600970573 /* BHViewController0.h */ = {isa = PBXFileReference; fileEncoding = 4; lastKnownFileType = sourcecode.c.h; path = BHViewController0.h; sourceTree = "<group>"; };
		34391C881CE4229600970573 /* BHViewController0.m */ = {isa = PBXFileReference; fileEncoding = 4; lastKnownFileType = sourcecode.c.objc; path = BHViewController0.m; sourceTree = "<group>"; };
		34391CA41CE4235200970573 /* BHViewController1.h */ = {isa = PBXFileReference; fileEncoding = 4; lastKnownFileType = sourcecode.c.h; path = BHViewController1.h; sourceTree = "<group>"; };
		34391CA51CE4235200970573 /* BHViewController1.m */ = {isa = PBXFileReference; fileEncoding = 4; lastKnownFileType = sourcecode.c.objc; path = BHViewController1.m; sourceTree = "<group>"; };
		34391CAF1CE4238F00970573 /* BHViewController2.h */ = {isa = PBXFileReference; fileEncoding = 4; lastKnownFileType = sourcecode.c.h; path = BHViewController2.h; sourceTree = "<group>"; };
		34391CB01CE4238F00970573 /* BHViewController2.m */ = {isa = PBXFileReference; fileEncoding = 4; lastKnownFileType = sourcecode.c.objc; path = BHViewController2.m; sourceTree = "<group>"; };
		34391CB21CE423DD00970573 /* BHMainViewController.h */ = {isa = PBXFileReference; fileEncoding = 4; lastKnownFileType = sourcecode.c.h; path = BHMainViewController.h; sourceTree = "<group>"; };
		34391CB31CE423DD00970573 /* BHMainViewController.m */ = {isa = PBXFileReference; fileEncoding = 4; lastKnownFileType = sourcecode.c.objc; path = BHMainViewController.m; sourceTree = "<group>"; };
		34391CB61CE4245700970573 /* PrefixHeader.pch */ = {isa = PBXFileReference; fileEncoding = 4; lastKnownFileType = sourcecode.c.h; path = PrefixHeader.pch; sourceTree = "<group>"; };
		34391CB91CE4261C00970573 /* BHPlayer.h */ = {isa = PBXFileReference; fileEncoding = 4; lastKnownFileType = sourcecode.c.h; path = BHPlayer.h; sourceTree = "<group>"; };
		34391CBA1CE4261C00970573 /* BHPlayer.m */ = {isa = PBXFileReference; fileEncoding = 4; lastKnownFileType = sourcecode.c.objc; path = BHPlayer.m; sourceTree = "<group>"; };
		34391CBB1CE4261C00970573 /* BHPlayerControlView.h */ = {isa = PBXFileReference; fileEncoding = 4; lastKnownFileType = sourcecode.c.h; path = BHPlayerControlView.h; sourceTree = "<group>"; };
		34391CBC1CE4261C00970573 /* BHPlayerControlView.m */ = {isa = PBXFileReference; fileEncoding = 4; lastKnownFileType = sourcecode.c.objc; path = BHPlayerControlView.m; sourceTree = "<group>"; };
		34391CBF1CE4262300970573 /* BHPlayer.bundle */ = {isa = PBXFileReference; lastKnownFileType = "wrapper.plug-in"; path = BHPlayer.bundle; sourceTree = "<group>"; };
		34391D051CE491E100970573 /* BHNavigationController.h */ = {isa = PBXFileReference; fileEncoding = 4; lastKnownFileType = sourcecode.c.h; path = BHNavigationController.h; sourceTree = "<group>"; };
		34391D061CE491E100970573 /* BHNavigationController.m */ = {isa = PBXFileReference; fileEncoding = 4; lastKnownFileType = sourcecode.c.objc; path = BHNavigationController.m; sourceTree = "<group>"; };
		34C6BDD11D635B440074C5D3 /* BHViewController4.h */ = {isa = PBXFileReference; fileEncoding = 4; lastKnownFileType = sourcecode.c.h; path = BHViewController4.h; sourceTree = "<group>"; };
		34C6BDD21D635B440074C5D3 /* BHViewController4.m */ = {isa = PBXFileReference; fileEncoding = 4; lastKnownFileType = sourcecode.c.objc; path = BHViewController4.m; sourceTree = "<group>"; };
		34C6BDD41D635F760074C5D3 /* BHViewController4.xib */ = {isa = PBXFileReference; fileEncoding = 4; lastKnownFileType = file.xib; path = BHViewController4.xib; sourceTree = "<group>"; };
		34D142231D81A68D00C99B6D /* UILabel+BH.h */ = {isa = PBXFileReference; fileEncoding = 4; lastKnownFileType = sourcecode.c.h; path = "UILabel+BH.h"; sourceTree = "<group>"; };
		34D142241D81A68D00C99B6D /* UILabel+BH.m */ = {isa = PBXFileReference; fileEncoding = 4; lastKnownFileType = sourcecode.c.objc; path = "UILabel+BH.m"; sourceTree = "<group>"; };
		34D1422A1D81ADDC00C99B6D /* UIButton+BH.h */ = {isa = PBXFileReference; fileEncoding = 4; lastKnownFileType = sourcecode.c.h; path = "UIButton+BH.h"; sourceTree = "<group>"; };
		34D1422B1D81ADDC00C99B6D /* UIButton+BH.m */ = {isa = PBXFileReference; fileEncoding = 4; lastKnownFileType = sourcecode.c.objc; path = "UIButton+BH.m"; sourceTree = "<group>"; };
		34E229481CE76945007B8098 /* BHBaseModel.h */ = {isa = PBXFileReference; fileEncoding = 4; lastKnownFileType = sourcecode.c.h; path = BHBaseModel.h; sourceTree = "<group>"; };
		34E229491CE76945007B8098 /* BHBaseModel.m */ = {isa = PBXFileReference; fileEncoding = 4; lastKnownFileType = sourcecode.c.objc; path = BHBaseModel.m; sourceTree = "<group>"; };
		8BB6BFE363B31757E98502EB /* Pods-BlogDemo.debug.xcconfig */ = {isa = PBXFileReference; includeInIndex = 1; lastKnownFileType = text.xcconfig; name = "Pods-BlogDemo.debug.xcconfig"; path = "Pods/Target Support Files/Pods-BlogDemo/Pods-BlogDemo.debug.xcconfig"; sourceTree = "<group>"; };
		AD3709151DDC8E6E007753D5 /* UIViewController+BH.h */ = {isa = PBXFileReference; fileEncoding = 4; lastKnownFileType = sourcecode.c.h; path = "UIViewController+BH.h"; sourceTree = "<group>"; };
		AD3709161DDC8E6E007753D5 /* UIViewController+BH.m */ = {isa = PBXFileReference; fileEncoding = 4; lastKnownFileType = sourcecode.c.objc; path = "UIViewController+BH.m"; sourceTree = "<group>"; };
		AD3709181DDC9335007753D5 /* UITableView+BH.h */ = {isa = PBXFileReference; fileEncoding = 4; lastKnownFileType = sourcecode.c.h; path = "UITableView+BH.h"; sourceTree = "<group>"; };
		AD3709191DDC9335007753D5 /* UITableView+BH.m */ = {isa = PBXFileReference; fileEncoding = 4; lastKnownFileType = sourcecode.c.objc; path = "UITableView+BH.m"; sourceTree = "<group>"; };
		AD6AB5431E0039F20032B4F1 /* NSFileManager+BH.h */ = {isa = PBXFileReference; fileEncoding = 4; lastKnownFileType = sourcecode.c.h; path = "NSFileManager+BH.h"; sourceTree = "<group>"; };
		AD6AB5441E0039F20032B4F1 /* NSFileManager+BH.m */ = {isa = PBXFileReference; fileEncoding = 4; lastKnownFileType = sourcecode.c.objc; path = "NSFileManager+BH.m"; sourceTree = "<group>"; };
		AD6DCA8B1DE8AF13000BEE75 /* MBProgressHUD+BH.h */ = {isa = PBXFileReference; fileEncoding = 4; lastKnownFileType = sourcecode.c.h; path = "MBProgressHUD+BH.h"; sourceTree = "<group>"; };
		AD6DCA8C1DE8AF13000BEE75 /* MBProgressHUD+BH.m */ = {isa = PBXFileReference; fileEncoding = 4; lastKnownFileType = sourcecode.c.objc; path = "MBProgressHUD+BH.m"; sourceTree = "<group>"; };
		AD9DF29D1E65D34C00B75BB5 /* BHPhotosVC.h */ = {isa = PBXFileReference; fileEncoding = 4; lastKnownFileType = sourcecode.c.h; path = BHPhotosVC.h; sourceTree = "<group>"; };
		AD9DF29E1E65D34C00B75BB5 /* BHPhotosVC.m */ = {isa = PBXFileReference; fileEncoding = 4; lastKnownFileType = sourcecode.c.objc; path = BHPhotosVC.m; sourceTree = "<group>"; };
		ADD128B61DFEE2A70080780D /* BHViewController3.h */ = {isa = PBXFileReference; fileEncoding = 4; lastKnownFileType = sourcecode.c.h; path = BHViewController3.h; sourceTree = "<group>"; };
		ADD128B71DFEE2A70080780D /* BHViewController3.m */ = {isa = PBXFileReference; fileEncoding = 4; lastKnownFileType = sourcecode.c.objc; path = BHViewController3.m; sourceTree = "<group>"; };
		AFC7DBD5722F93E50B146FF7 /* Pods_BlogDemo.framework */ = {isa = PBXFileReference; explicitFileType = wrapper.framework; includeInIndex = 0; path = Pods_BlogDemo.framework; sourceTree = BUILT_PRODUCTS_DIR; };
/* End PBXFileReference section */

/* Begin PBXFrameworksBuildPhase section */
		34391C461CE4212100970573 /* Frameworks */ = {
			isa = PBXFrameworksBuildPhase;
			buildActionMask = 2147483647;
			files = (
				FACD4868EBCE1E47EE1F70B8 /* Pods_BlogDemo.framework in Frameworks */,
			);
			runOnlyForDeploymentPostprocessing = 0;
		};
/* End PBXFrameworksBuildPhase section */

/* Begin PBXGroup section */
		29450BB31DBE654500249ED6 /* UIKit */ = {
			isa = PBXGroup;
			children = (
				34391C6D1CE421E400970573 /* UIApplication+BH.h */,
				34391C6E1CE421E400970573 /* UIApplication+BH.m */,
				AD3709151DDC8E6E007753D5 /* UIViewController+BH.h */,
				AD3709161DDC8E6E007753D5 /* UIViewController+BH.m */,
				34D142231D81A68D00C99B6D /* UILabel+BH.h */,
				34D142241D81A68D00C99B6D /* UILabel+BH.m */,
				34D1422A1D81ADDC00C99B6D /* UIButton+BH.h */,
				34D1422B1D81ADDC00C99B6D /* UIButton+BH.m */,
				29CA61441DC4831D00801F4D /* UIColor+BH.h */,
				29CA61451DC4831D00801F4D /* UIColor+BH.m */,
				2923803F1D66D76F00A6C355 /* UIImage+BH.h */,
				292380401D66D76F00A6C355 /* UIImage+BHI.m */,
				AD3709181DDC9335007753D5 /* UITableView+BH.h */,
				AD3709191DDC9335007753D5 /* UITableView+BH.m */,
				AD6DCA8B1DE8AF13000BEE75 /* MBProgressHUD+BH.h */,
				AD6DCA8C1DE8AF13000BEE75 /* MBProgressHUD+BH.m */,
			);
			name = UIKit;
			sourceTree = "<group>";
		};
		29450BB71DBE657300249ED6 /* Foundation */ = {
			isa = PBXGroup;
			children = (
				29450BB41DBE656A00249ED6 /* NSArray+BH.h */,
				29450BB51DBE656A00249ED6 /* NSArray+BH.m */,
				29CA613B1DC47CEA00801F4D /* NSDate+BH.h */,
				29CA613C1DC47CEA00801F4D /* NSDate+BH.m */,
				29CA613E1DC47FA800801F4D /* NSString+BH.h */,
				29CA613F1DC47FA800801F4D /* NSString+BH.m */,
				AD6AB5431E0039F20032B4F1 /* NSFileManager+BH.h */,
				AD6AB5441E0039F20032B4F1 /* NSFileManager+BH.m */,
			);
			name = Foundation;
			sourceTree = "<group>";
		};
		34391C401CE4212100970573 = {
			isa = PBXGroup;
			children = (
				34391C4B1CE4212100970573 /* BlogDemo */,
				34391C4A1CE4212100970573 /* Products */,
				5E7AC6EBFE74EE6C36AFB1BF /* Pods */,
				AAD867F606DE61F7F120570D /* Frameworks */,
			);
			sourceTree = "<group>";
		};
		34391C4A1CE4212100970573 /* Products */ = {
			isa = PBXGroup;
			children = (
				34391C491CE4212100970573 /* BlogDemo.app */,
			);
			name = Products;
			sourceTree = "<group>";
		};
		34391C4B1CE4212100970573 /* BlogDemo */ = {
			isa = PBXGroup;
			children = (
				34391C6C1CE421D900970573 /* Category */,
				34391C651CE421B800970573 /* Utility */,
				34391D081CE4956A00970573 /* Common */,
				34391C701CE421F200970573 /* NetWork */,
				34E229471CE76929007B8098 /* Model */,
				34391C771CE4222400970573 /* Controller */,
				34391C4F1CE4212100970573 /* AppDelegate.h */,
				34391C501CE4212100970573 /* AppDelegate.m */,
				34391C581CE4212100970573 /* Assets.xcassets */,
				34391C5A1CE4212100970573 /* LaunchScreen.storyboard */,
				34391C5D1CE4212100970573 /* Info.plist */,
				34391C4C1CE4212100970573 /* Supporting Files */,
			);
			path = BlogDemo;
			sourceTree = "<group>";
		};
		34391C4C1CE4212100970573 /* Supporting Files */ = {
			isa = PBXGroup;
			children = (
				34391C4D1CE4212100970573 /* main.m */,
				34391CB61CE4245700970573 /* PrefixHeader.pch */,
			);
			name = "Supporting Files";
			sourceTree = "<group>";
		};
		34391C651CE421B800970573 /* Utility */ = {
			isa = PBXGroup;
			children = (
				34391C691CE421D100970573 /* BHUtils.h */,
				34391C6A1CE421D100970573 /* BHUtils.m */,
				34391C661CE421CB00970573 /* BHHookUtility.h */,
				34391C671CE421CB00970573 /* BHHookUtility.m */,
				3431BA381D9172810034662C /* BHInputTextDelegate.h */,
				3431BA391D9172810034662C /* BHInputTextDelegate.m */,
			);
			name = Utility;
			sourceTree = "<group>";
		};
		34391C6C1CE421D900970573 /* Category */ = {
			isa = PBXGroup;
			children = (
				29450BB71DBE657300249ED6 /* Foundation */,
				29450BB31DBE654500249ED6 /* UIKit */,
			);
			name = Category;
			sourceTree = "<group>";
		};
		34391C701CE421F200970573 /* NetWork */ = {
			isa = PBXGroup;
			children = (
				34391C711CE4220200970573 /* BHNetReqManager.h */,
				34391C721CE4220200970573 /* BHNetReqManager.m */,
				34391C741CE4221900970573 /* BHCustomURLCache.h */,
				34391C751CE4221900970573 /* BHCustomURLCache.m */,
				298184C71DC4E2C6008C8811 /* BHURLProtocol.h */,
				298184C81DC4E2C6008C8811 /* BHURLProtocol.m */,
			);
			name = NetWork;
			sourceTree = "<group>";
		};
		34391C771CE4222400970573 /* Controller */ = {
			isa = PBXGroup;
			children = (
				34391C861CE4227E00970573 /* UIBezierPath */,
				34391CA31CE4233600970573 /* NetTest */,
				34391CA71CE4235C00970573 /* AVPlayer */,
				ADD128B51DFEE2950080780D /* PhotoKit */,
				34C6BDD01D635B030074C5D3 /* ReactiveCocoa */,
				34391CB21CE423DD00970573 /* BHMainViewController.h */,
				34391CB31CE423DD00970573 /* BHMainViewController.m */,
			);
			name = Controller;
			sourceTree = "<group>";
		};
		34391C861CE4227E00970573 /* UIBezierPath */ = {
			isa = PBXGroup;
			children = (
				34391C871CE4229600970573 /* BHViewController0.h */,
				34391C881CE4229600970573 /* BHViewController0.m */,
			);
			name = UIBezierPath;
			sourceTree = "<group>";
		};
		34391CA31CE4233600970573 /* NetTest */ = {
			isa = PBXGroup;
			children = (
				34391CA41CE4235200970573 /* BHViewController1.h */,
				34391CA51CE4235200970573 /* BHViewController1.m */,
			);
			name = NetTest;
			sourceTree = "<group>";
		};
		34391CA71CE4235C00970573 /* AVPlayer */ = {
			isa = PBXGroup;
			children = (
				34391CAF1CE4238F00970573 /* BHViewController2.h */,
				34391CB01CE4238F00970573 /* BHViewController2.m */,
				34391CB91CE4261C00970573 /* BHPlayer.h */,
				34391CBA1CE4261C00970573 /* BHPlayer.m */,
				34391CBB1CE4261C00970573 /* BHPlayerControlView.h */,
				34391CBC1CE4261C00970573 /* BHPlayerControlView.m */,
				34391C631CE4217800970573 /* snow.mp4 */,
				34391CBF1CE4262300970573 /* BHPlayer.bundle */,
			);
			name = AVPlayer;
			sourceTree = "<group>";
		};
		34391D041CE491BB00970573 /* Nav */ = {
			isa = PBXGroup;
			children = (
				34391D051CE491E100970573 /* BHNavigationController.h */,
				34391D061CE491E100970573 /* BHNavigationController.m */,
			);
			name = Nav;
			sourceTree = "<group>";
		};
		34391D081CE4956A00970573 /* Common */ = {
			isa = PBXGroup;
			children = (
				34391D041CE491BB00970573 /* Nav */,
			);
			name = Common;
			sourceTree = "<group>";
		};
		34C6BDD01D635B030074C5D3 /* ReactiveCocoa */ = {
			isa = PBXGroup;
			children = (
				34C6BDD11D635B440074C5D3 /* BHViewController4.h */,
				34C6BDD21D635B440074C5D3 /* BHViewController4.m */,
				34C6BDD41D635F760074C5D3 /* BHViewController4.xib */,
			);
			name = ReactiveCocoa;
			sourceTree = "<group>";
		};
		34E229471CE76929007B8098 /* Model */ = {
			isa = PBXGroup;
			children = (
				34E229481CE76945007B8098 /* BHBaseModel.h */,
				34E229491CE76945007B8098 /* BHBaseModel.m */,
			);
			name = Model;
			sourceTree = "<group>";
		};
		5E7AC6EBFE74EE6C36AFB1BF /* Pods */ = {
			isa = PBXGroup;
			children = (
				8BB6BFE363B31757E98502EB /* Pods-BlogDemo.debug.xcconfig */,
				28590A938192A3402018729B /* Pods-BlogDemo.release.xcconfig */,
			);
			name = Pods;
			sourceTree = "<group>";
		};
		AAD867F606DE61F7F120570D /* Frameworks */ = {
			isa = PBXGroup;
			children = (
				AFC7DBD5722F93E50B146FF7 /* Pods_BlogDemo.framework */,
			);
			name = Frameworks;
			sourceTree = "<group>";
		};
		ADD128B51DFEE2950080780D /* PhotoKit */ = {
			isa = PBXGroup;
			children = (
				ADD128B61DFEE2A70080780D /* BHViewController3.h */,
				ADD128B71DFEE2A70080780D /* BHViewController3.m */,
				296EB7921DFFE3E00014895D /* BHPhotosCell.h */,
				296EB7931DFFE3E00014895D /* BHPhotosCell.m */,
				AD9DF29D1E65D34C00B75BB5 /* BHPhotosVC.h */,
				AD9DF29E1E65D34C00B75BB5 /* BHPhotosVC.m */,
				295B01B71E07E1F7006E8177 /* BHAlbumCell.h */,
				295B01B81E07E1F7006E8177 /* BHAlbumCell.m */,
			);
			name = PhotoKit;
			sourceTree = "<group>";
		};
/* End PBXGroup section */

/* Begin PBXNativeTarget section */
		34391C481CE4212100970573 /* BlogDemo */ = {
			isa = PBXNativeTarget;
			buildConfigurationList = 34391C601CE4212100970573 /* Build configuration list for PBXNativeTarget "BlogDemo" */;
			buildPhases = (
				FF49F4D6BEE1DEE28012215D /* [CP] Check Pods Manifest.lock */,
				34391C451CE4212100970573 /* Sources */,
				34391C461CE4212100970573 /* Frameworks */,
				34391C471CE4212100970573 /* Resources */,
				5D346E1C430010A514CF0841 /* [CP] Embed Pods Frameworks */,
				7976E15C2FC0C645074F0057 /* [CP] Copy Pods Resources */,
			);
			buildRules = (
			);
			dependencies = (
			);
			name = BlogDemo;
			productName = BlogDemo;
			productReference = 34391C491CE4212100970573 /* BlogDemo.app */;
			productType = "com.apple.product-type.application";
		};
/* End PBXNativeTarget section */

/* Begin PBXProject section */
		34391C411CE4212100970573 /* Project object */ = {
			isa = PBXProject;
			attributes = {
				CLASSPREFIX = BH;
				LastUpgradeCheck = 0810;
				ORGANIZATIONNAME = BinHan;
				TargetAttributes = {
					34391C481CE4212100970573 = {
						CreatedOnToolsVersion = 7.2;
						DevelopmentTeam = H5XHGCCSHA;
						ProvisioningStyle = Automatic;
						SystemCapabilities = {
							com.apple.BackgroundModes = {
								enabled = 0;
							};
						};
					};
				};
			};
			buildConfigurationList = 34391C441CE4212100970573 /* Build configuration list for PBXProject "BlogDemo" */;
			compatibilityVersion = "Xcode 3.2";
			developmentRegion = English;
			hasScannedForEncodings = 0;
			knownRegions = (
				en,
				Base,
			);
			mainGroup = 34391C401CE4212100970573;
			productRefGroup = 34391C4A1CE4212100970573 /* Products */;
			projectDirPath = "";
			projectRoot = "";
			targets = (
				34391C481CE4212100970573 /* BlogDemo */,
			);
		};
/* End PBXProject section */

/* Begin PBXResourcesBuildPhase section */
		34391C471CE4212100970573 /* Resources */ = {
			isa = PBXResourcesBuildPhase;
			buildActionMask = 2147483647;
			files = (
				34391C5C1CE4212100970573 /* LaunchScreen.storyboard in Resources */,
				34391C591CE4212100970573 /* Assets.xcassets in Resources */,
				34C6BDD51D635F760074C5D3 /* BHViewController4.xib in Resources */,
				34391CC01CE4262300970573 /* BHPlayer.bundle in Resources */,
				34391C641CE4217800970573 /* snow.mp4 in Resources */,
			);
			runOnlyForDeploymentPostprocessing = 0;
		};
/* End PBXResourcesBuildPhase section */

/* Begin PBXShellScriptBuildPhase section */
		5D346E1C430010A514CF0841 /* [CP] Embed Pods Frameworks */ = {
			isa = PBXShellScriptBuildPhase;
			buildActionMask = 2147483647;
			files = (
			);
			inputPaths = (
			);
			name = "[CP] Embed Pods Frameworks";
			outputPaths = (
			);
			runOnlyForDeploymentPostprocessing = 0;
			shellPath = /bin/sh;
			shellScript = "\"${SRCROOT}/Pods/Target Support Files/Pods-BlogDemo/Pods-BlogDemo-frameworks.sh\"\n";
			showEnvVarsInLog = 0;
		};
		7976E15C2FC0C645074F0057 /* [CP] Copy Pods Resources */ = {
			isa = PBXShellScriptBuildPhase;
			buildActionMask = 2147483647;
			files = (
			);
			inputPaths = (
			);
			name = "[CP] Copy Pods Resources";
			outputPaths = (
			);
			runOnlyForDeploymentPostprocessing = 0;
			shellPath = /bin/sh;
			shellScript = "\"${SRCROOT}/Pods/Target Support Files/Pods-BlogDemo/Pods-BlogDemo-resources.sh\"\n";
			showEnvVarsInLog = 0;
		};
		FF49F4D6BEE1DEE28012215D /* [CP] Check Pods Manifest.lock */ = {
			isa = PBXShellScriptBuildPhase;
			buildActionMask = 2147483647;
			files = (
			);
			inputPaths = (
			);
			name = "[CP] Check Pods Manifest.lock";
			outputPaths = (
			);
			runOnlyForDeploymentPostprocessing = 0;
			shellPath = /bin/sh;
			shellScript = "diff \"${PODS_ROOT}/../Podfile.lock\" \"${PODS_ROOT}/Manifest.lock\" > /dev/null\nif [ $? != 0 ] ; then\n    # print error to STDERR\n    echo \"error: The sandbox is not in sync with the Podfile.lock. Run 'pod install' or update your CocoaPods installation.\" >&2\n    exit 1\nfi\n";
			showEnvVarsInLog = 0;
		};
/* End PBXShellScriptBuildPhase section */

/* Begin PBXSourcesBuildPhase section */
		34391C451CE4212100970573 /* Sources */ = {
			isa = PBXSourcesBuildPhase;
			buildActionMask = 2147483647;
			files = (
				34E2294A1CE76945007B8098 /* BHBaseModel.m in Sources */,
				AD37091A1DDC9335007753D5 /* UITableView+BH.m in Sources */,
				295B01B91E07E1F7006E8177 /* BHAlbumCell.m in Sources */,
				34391C6B1CE421D100970573 /* BHUtils.m in Sources */,
				29CA61401DC47FA800801F4D /* NSString+BH.m in Sources */,
				34391CA61CE4235200970573 /* BHViewController1.m in Sources */,
				34391C761CE4221900970573 /* BHCustomURLCache.m in Sources */,
				29450BB61DBE656A00249ED6 /* NSArray+BH.m in Sources */,
				34391CBD1CE4261C00970573 /* BHPlayer.m in Sources */,
				34391C8B1CE4229600970573 /* BHViewController0.m in Sources */,
				34391C731CE4220200970573 /* BHNetReqManager.m in Sources */,
				34391CB41CE423DD00970573 /* BHMainViewController.m in Sources */,
				ADD128B81DFEE2A70080780D /* BHViewController3.m in Sources */,
				296EB7941DFFE3E00014895D /* BHPhotosCell.m in Sources */,
				34391C681CE421CB00970573 /* BHHookUtility.m in Sources */,
				29CA613D1DC47CEA00801F4D /* NSDate+BH.m in Sources */,
				3431BA3A1D9172810034662C /* BHInputTextDelegate.m in Sources */,
				34391C511CE4212100970573 /* AppDelegate.m in Sources */,
				292380411D66D76F00A6C355 /* UIImage+BHI.m in Sources */,
				34391C4E1CE4212100970573 /* main.m in Sources */,
				34391D071CE491E100970573 /* BHNavigationController.m in Sources */,
				34391C6F1CE421E400970573 /* UIApplication+BH.m in Sources */,
				34C6BDD31D635B440074C5D3 /* BHViewController4.m in Sources */,
				AD6DCA8D1DE8AF13000BEE75 /* MBProgressHUD+BH.m in Sources */,
				34D142251D81A68D00C99B6D /* UILabel+BH.m in Sources */,
				AD9DF29F1E65D34C00B75BB5 /* BHPhotosVC.m in Sources */,
				298184C91DC4E2C6008C8811 /* BHURLProtocol.m in Sources */,
				34391CBE1CE4261C00970573 /* BHPlayerControlView.m in Sources */,
				AD3709171DDC8E6E007753D5 /* UIViewController+BH.m in Sources */,
				34D1422C1D81ADDC00C99B6D /* UIButton+BH.m in Sources */,
				29CA61461DC4831D00801F4D /* UIColor+BH.m in Sources */,
				AD6AB5451E0039F20032B4F1 /* NSFileManager+BH.m in Sources */,
				34391CB11CE4238F00970573 /* BHViewController2.m in Sources */,
			);
			runOnlyForDeploymentPostprocessing = 0;
		};
/* End PBXSourcesBuildPhase section */

/* Begin PBXVariantGroup section */
		34391C5A1CE4212100970573 /* LaunchScreen.storyboard */ = {
			isa = PBXVariantGroup;
			children = (
				34391C5B1CE4212100970573 /* Base */,
			);
			name = LaunchScreen.storyboard;
			sourceTree = "<group>";
		};
/* End PBXVariantGroup section */

/* Begin XCBuildConfiguration section */
		34391C5E1CE4212100970573 /* Debug */ = {
			isa = XCBuildConfiguration;
			buildSettings = {
				ALWAYS_SEARCH_USER_PATHS = NO;
				CLANG_CXX_LANGUAGE_STANDARD = "gnu++0x";
				CLANG_CXX_LIBRARY = "libc++";
				CLANG_ENABLE_MODULES = YES;
				CLANG_ENABLE_OBJC_ARC = YES;
				CLANG_WARN_BOOL_CONVERSION = YES;
				CLANG_WARN_CONSTANT_CONVERSION = YES;
				CLANG_WARN_DIRECT_OBJC_ISA_USAGE = YES_ERROR;
				CLANG_WARN_EMPTY_BODY = YES;
				CLANG_WARN_ENUM_CONVERSION = YES;
				CLANG_WARN_INFINITE_RECURSION = YES;
				CLANG_WARN_INT_CONVERSION = YES;
				CLANG_WARN_OBJC_ROOT_CLASS = YES_ERROR;
				CLANG_WARN_SUSPICIOUS_MOVE = YES;
				CLANG_WARN_UNREACHABLE_CODE = YES;
				CLANG_WARN__DUPLICATE_METHOD_MATCH = YES;
				CODE_SIGN_IDENTITY = "iPhone Developer";
				"CODE_SIGN_IDENTITY[sdk=iphoneos*]" = "iPhone Developer";
				COPY_PHASE_STRIP = NO;
				DEBUG_INFORMATION_FORMAT = dwarf;
				ENABLE_STRICT_OBJC_MSGSEND = YES;
				ENABLE_TESTABILITY = YES;
				GCC_C_LANGUAGE_STANDARD = gnu99;
				GCC_DYNAMIC_NO_PIC = NO;
				GCC_NO_COMMON_BLOCKS = YES;
				GCC_OPTIMIZATION_LEVEL = 0;
				GCC_PREPROCESSOR_DEFINITIONS = (
					"DEBUG=1",
					"$(inherited)",
				);
				GCC_WARN_64_TO_32_BIT_CONVERSION = YES;
				GCC_WARN_ABOUT_RETURN_TYPE = YES_ERROR;
				GCC_WARN_UNDECLARED_SELECTOR = YES;
				GCC_WARN_UNINITIALIZED_AUTOS = YES_AGGRESSIVE;
				GCC_WARN_UNUSED_FUNCTION = YES;
				GCC_WARN_UNUSED_VARIABLE = YES;
				IPHONEOS_DEPLOYMENT_TARGET = 8.0;
				MTL_ENABLE_DEBUG_INFO = YES;
				ONLY_ACTIVE_ARCH = YES;
				SDKROOT = iphoneos;
			};
			name = Debug;
		};
		34391C5F1CE4212100970573 /* Release */ = {
			isa = XCBuildConfiguration;
			buildSettings = {
				ALWAYS_SEARCH_USER_PATHS = NO;
				CLANG_CXX_LANGUAGE_STANDARD = "gnu++0x";
				CLANG_CXX_LIBRARY = "libc++";
				CLANG_ENABLE_MODULES = YES;
				CLANG_ENABLE_OBJC_ARC = YES;
				CLANG_WARN_BOOL_CONVERSION = YES;
				CLANG_WARN_CONSTANT_CONVERSION = YES;
				CLANG_WARN_DIRECT_OBJC_ISA_USAGE = YES_ERROR;
				CLANG_WARN_EMPTY_BODY = YES;
				CLANG_WARN_ENUM_CONVERSION = YES;
				CLANG_WARN_INFINITE_RECURSION = YES;
				CLANG_WARN_INT_CONVERSION = YES;
				CLANG_WARN_OBJC_ROOT_CLASS = YES_ERROR;
				CLANG_WARN_SUSPICIOUS_MOVE = YES;
				CLANG_WARN_UNREACHABLE_CODE = YES;
				CLANG_WARN__DUPLICATE_METHOD_MATCH = YES;
				CODE_SIGN_IDENTITY = "iPhone Developer";
				"CODE_SIGN_IDENTITY[sdk=iphoneos*]" = "iPhone Developer";
				COPY_PHASE_STRIP = NO;
				DEBUG_INFORMATION_FORMAT = "dwarf-with-dsym";
				ENABLE_NS_ASSERTIONS = NO;
				ENABLE_STRICT_OBJC_MSGSEND = YES;
				GCC_C_LANGUAGE_STANDARD = gnu99;
				GCC_NO_COMMON_BLOCKS = YES;
				GCC_WARN_64_TO_32_BIT_CONVERSION = YES;
				GCC_WARN_ABOUT_RETURN_TYPE = YES_ERROR;
				GCC_WARN_UNDECLARED_SELECTOR = YES;
				GCC_WARN_UNINITIALIZED_AUTOS = YES_AGGRESSIVE;
				GCC_WARN_UNUSED_FUNCTION = YES;
				GCC_WARN_UNUSED_VARIABLE = YES;
				IPHONEOS_DEPLOYMENT_TARGET = 8.0;
				MTL_ENABLE_DEBUG_INFO = NO;
				SDKROOT = iphoneos;
				VALIDATE_PRODUCT = YES;
			};
			name = Release;
		};
		34391C611CE4212100970573 /* Debug */ = {
			isa = XCBuildConfiguration;
			baseConfigurationReference = 8BB6BFE363B31757E98502EB /* Pods-BlogDemo.debug.xcconfig */;
			buildSettings = {
				ASSETCATALOG_COMPILER_APPICON_NAME = AppIcon;
				CLANG_WARN_OBJC_IMPLICIT_RETAIN_SELF = YES;
				"CODE_SIGN_IDENTITY[sdk=iphoneos*]" = "iPhone Developer";
				DEVELOPMENT_TEAM = H5XHGCCSHA;
				GCC_PRECOMPILE_PREFIX_HEADER = YES;
				GCC_PREFIX_HEADER = "$(SRCROOT)/BlogDemo/PrefixHeader.pch";
				INFOPLIST_FILE = BlogDemo/Info.plist;
				IPHONEOS_DEPLOYMENT_TARGET = 8.0;
				LD_RUNPATH_SEARCH_PATHS = "$(inherited) @executable_path/Frameworks";
				PRODUCT_BUNDLE_IDENTIFIER = com.BinHan.BlogDemo21323;
				PRODUCT_NAME = "$(TARGET_NAME)";
			};
			name = Debug;
		};
		34391C621CE4212100970573 /* Release */ = {
			isa = XCBuildConfiguration;
			baseConfigurationReference = 28590A938192A3402018729B /* Pods-BlogDemo.release.xcconfig */;
			buildSettings = {
				ASSETCATALOG_COMPILER_APPICON_NAME = AppIcon;
				CLANG_WARN_OBJC_IMPLICIT_RETAIN_SELF = YES;
				"CODE_SIGN_IDENTITY[sdk=iphoneos*]" = "iPhone Developer";
				DEVELOPMENT_TEAM = H5XHGCCSHA;
				GCC_PRECOMPILE_PREFIX_HEADER = YES;
				GCC_PREFIX_HEADER = "$(SRCROOT)/BlogDemo/PrefixHeader.pch";
				INFOPLIST_FILE = BlogDemo/Info.plist;
				IPHONEOS_DEPLOYMENT_TARGET = 8.0;
				LD_RUNPATH_SEARCH_PATHS = "$(inherited) @executable_path/Frameworks";
				PRODUCT_BUNDLE_IDENTIFIER = com.BinHan.BlogDemo21323;
				PRODUCT_NAME = "$(TARGET_NAME)";
			};
			name = Release;
		};
/* End XCBuildConfiguration section */

/* Begin XCConfigurationList section */
		34391C441CE4212100970573 /* Build configuration list for PBXProject "BlogDemo" */ = {
			isa = XCConfigurationList;
			buildConfigurations = (
				34391C5E1CE4212100970573 /* Debug */,
				34391C5F1CE4212100970573 /* Release */,
			);
			defaultConfigurationIsVisible = 0;
			defaultConfigurationName = Release;
		};
		34391C601CE4212100970573 /* Build configuration list for PBXNativeTarget "BlogDemo" */ = {
			isa = XCConfigurationList;
			buildConfigurations = (
				34391C611CE4212100970573 /* Debug */,
				34391C621CE4212100970573 /* Release */,
			);
			defaultConfigurationIsVisible = 0;
			defaultConfigurationName = Release;
		};
/* End XCConfigurationList section */
	};
	rootObject = 34391C411CE4212100970573 /* Project object */;
}
